// !$*UTF8*$!
{
	archiveVersion = 1;
	classes = {
	};
	objectVersion = 51;
	objects = {

/* Begin PBXBuildFile section */
		991B755A990D3FC6E4FE2863 /* Pods_Ambassadoor_Business.framework in Frameworks */ = {isa = PBXBuildFile; fileRef = 43232CCE7767D24B796A1AAB /* Pods_Ambassadoor_Business.framework */; };
		B703D92425B72EAA003C7F37 /* Money.storyboard in Resources */ = {isa = PBXBuildFile; fileRef = B703D92325B72EAA003C7F37 /* Money.storyboard */; };
		B703D92625B737D3003C7F37 /* Statistics.storyboard in Resources */ = {isa = PBXBuildFile; fileRef = B703D92525B737D3003C7F37 /* Statistics.storyboard */; };
		B706CB4D22E5F3310092FB77 /* SignInVC.swift in Sources */ = {isa = PBXBuildFile; fileRef = B706CB4C22E5F3310092FB77 /* SignInVC.swift */; };
		B706CB4F22E5F7860092FB77 /* ValidationFile.swift in Sources */ = {isa = PBXBuildFile; fileRef = B706CB4E22E5F7860092FB77 /* ValidationFile.swift */; };
		B706CB5122E60DC20092FB77 /* ForgetPasswordVC.swift in Sources */ = {isa = PBXBuildFile; fileRef = B706CB5022E60DC20092FB77 /* ForgetPasswordVC.swift */; };
		B712C485230690A700728758 /* ProductListCell.swift in Sources */ = {isa = PBXBuildFile; fileRef = B712C484230690A700728758 /* ProductListCell.swift */; };
		B712C487230690B500728758 /* ProductListCell.xib in Resources */ = {isa = PBXBuildFile; fileRef = B712C486230690B500728758 /* ProductListCell.xib */; };
		B712C48B2306DA7900728758 /* StaticsPie.swift in Sources */ = {isa = PBXBuildFile; fileRef = B712C48A2306DA7900728758 /* StaticsPie.swift */; };
		B724789A2603533300CD20FA /* AccountDetails.storyboard in Resources */ = {isa = PBXBuildFile; fileRef = B72478992603533300CD20FA /* AccountDetails.storyboard */; };
		B724789F2603543100CD20FA /* AccountInfoVC.swift in Sources */ = {isa = PBXBuildFile; fileRef = B724789C2603542C00CD20FA /* AccountInfoVC.swift */; };
		B72478A02603543100CD20FA /* NewWithdrawVC.swift in Sources */ = {isa = PBXBuildFile; fileRef = B724789D2603542E00CD20FA /* NewWithdrawVC.swift */; };
		B72478A12603543100CD20FA /* WithDrawNoteVC.swift in Sources */ = {isa = PBXBuildFile; fileRef = B724789E2603543100CD20FA /* WithDrawNoteVC.swift */; };
		B72478A3260367C700CD20FA /* TransactionHistoryVC.swift in Sources */ = {isa = PBXBuildFile; fileRef = B72478A2260367C700CD20FA /* TransactionHistoryVC.swift */; };
		B72A5C61261ECD12004B63F3 /* InterestPicker.storyboard in Resources */ = {isa = PBXBuildFile; fileRef = B72A5C5E261ECD0C004B63F3 /* InterestPicker.storyboard */; };
		B72A5C62261ECD12004B63F3 /* InterestPickerPopupVC.swift in Sources */ = {isa = PBXBuildFile; fileRef = B72A5C5F261ECD0F004B63F3 /* InterestPickerPopupVC.swift */; };
		B72A5C63261ECD12004B63F3 /* InterestPickerVC.swift in Sources */ = {isa = PBXBuildFile; fileRef = B72A5C60261ECD12004B63F3 /* InterestPickerVC.swift */; };
		B72CB50822E6E8C100958AE0 /* BaseVC.swift in Sources */ = {isa = PBXBuildFile; fileRef = B72CB50722E6E8C100958AE0 /* BaseVC.swift */; };
		B72CB50A22E7024500958AE0 /* UIViewExtension.swift in Sources */ = {isa = PBXBuildFile; fileRef = B72CB50922E7024500958AE0 /* UIViewExtension.swift */; };
		B72CD04926130A8B00AE5CA4 /* OfferFilterVC.swift in Sources */ = {isa = PBXBuildFile; fileRef = B72CD04826130A8B00AE5CA4 /* OfferFilterVC.swift */; };
		B72CD04B2613275900AE5CA4 /* LocationFilterVC.swift in Sources */ = {isa = PBXBuildFile; fileRef = B72CD04A2613275900AE5CA4 /* LocationFilterVC.swift */; };
		B72CD04D261331E300AE5CA4 /* FilterRadiousVC.swift in Sources */ = {isa = PBXBuildFile; fileRef = B72CD04C261331E300AE5CA4 /* FilterRadiousVC.swift */; };
		B72CFDCA25FF5AE100033CC5 /* ProfilePickerVC.swift in Sources */ = {isa = PBXBuildFile; fileRef = B72CFDC925FF5AE100033CC5 /* ProfilePickerVC.swift */; };
		B72CFDCC25FF9C4B00033CC5 /* AddBasicBusinessVC.swift in Sources */ = {isa = PBXBuildFile; fileRef = B72CFDCB25FF9C4B00033CC5 /* AddBasicBusinessVC.swift */; };
		B72F433026E1F38800D2953D /* ReferralViewController.swift in Sources */ = {isa = PBXBuildFile; fileRef = B72F432F26E1F38800D2953D /* ReferralViewController.swift */; };
		B737F9F0262817D9008D0E6F /* FilterStatsVC.swift in Sources */ = {isa = PBXBuildFile; fileRef = B737F9EF262817D9008D0E6F /* FilterStatsVC.swift */; };
		B737F9F226288046008D0E6F /* NewDistributeVC.swift in Sources */ = {isa = PBXBuildFile; fileRef = B737F9F126288046008D0E6F /* NewDistributeVC.swift */; };
		B750E78522E5B75F00024CB1 /* Onboarding.storyboard in Resources */ = {isa = PBXBuildFile; fileRef = B750E78422E5B75F00024CB1 /* Onboarding.storyboard */; };
		B75EC9A6230ACE4800BA7A7B /* NetworkManager.swift in Sources */ = {isa = PBXBuildFile; fileRef = B75EC9A5230ACE4800BA7A7B /* NetworkManager.swift */; };
		B75F7A852506476300D14675 /* TimerListener.swift in Sources */ = {isa = PBXBuildFile; fileRef = B75F7A842506476300D14675 /* TimerListener.swift */; };
		B76575F626143AEC0076F594 /* FilterByCityVC.swift in Sources */ = {isa = PBXBuildFile; fileRef = B76575F526143AEC0076F594 /* FilterByCityVC.swift */; };
		B76575F82614484D0076F594 /* NewObjectClass.swift in Sources */ = {isa = PBXBuildFile; fileRef = B76575F72614484D0076F594 /* NewObjectClass.swift */; };
		B76DEDE42600B24A00886911 /* MultipleBusinessAccountVC.swift in Sources */ = {isa = PBXBuildFile; fileRef = B76DEDE32600B24A00886911 /* MultipleBusinessAccountVC.swift */; };
		B76DEDE62600B61400886911 /* ContractBusinessVC.swift in Sources */ = {isa = PBXBuildFile; fileRef = B76DEDE52600B61400886911 /* ContractBusinessVC.swift */; };
		B76DEDEA2600C1F200886911 /* NewBasicBusinessView.swift in Sources */ = {isa = PBXBuildFile; fileRef = B76DEDE92600C1F200886911 /* NewBasicBusinessView.swift */; };
		B770B8112514A5E700724465 /* RegisterCompany.storyboard in Resources */ = {isa = PBXBuildFile; fileRef = B770B8102514A5E700724465 /* RegisterCompany.storyboard */; };
		B7712CCA26087A3700162E70 /* NewOfferListVC.swift in Sources */ = {isa = PBXBuildFile; fileRef = B7712CC926087A3700162E70 /* NewOfferListVC.swift */; };
		B7712CCC260897E000162E70 /* OfferNewCreateVC.swift in Sources */ = {isa = PBXBuildFile; fileRef = B7712CCB260897E000162E70 /* OfferNewCreateVC.swift */; };
		B7712CCE2608B6C300162E70 /* BasicsListVC.swift in Sources */ = {isa = PBXBuildFile; fileRef = B7712CCD2608B6C300162E70 /* BasicsListVC.swift */; };
		B774B6E924728ADA007C8699 /* SimplexStatistics.swift in Sources */ = {isa = PBXBuildFile; fileRef = B774B6E824728ADA007C8699 /* SimplexStatistics.swift */; };
		B7787EF425132BBC00098A92 /* RegisterNewVC.swift in Sources */ = {isa = PBXBuildFile; fileRef = B7787EF325132BBC00098A92 /* RegisterNewVC.swift */; };
		B77D4C392609CFF30002E04E /* PostDetailVC.swift in Sources */ = {isa = PBXBuildFile; fileRef = B77D4C382609CFF30002E04E /* PostDetailVC.swift */; };
		B788D6F422E8931100FA59BA /* RegisterCompanyVC.swift in Sources */ = {isa = PBXBuildFile; fileRef = B788D6F322E8931100FA59BA /* RegisterCompanyVC.swift */; };
		B78B39EA25109BA500829F31 /* RegisterCompanyPVC.swift in Sources */ = {isa = PBXBuildFile; fileRef = B78B39E925109BA500829F31 /* RegisterCompanyPVC.swift */; };
		B78B39ED2510D49400829F31 /* ReferralVC.swift in Sources */ = {isa = PBXBuildFile; fileRef = B78B39EC2510D49400829F31 /* ReferralVC.swift */; };
		B78B39EF2510D65B00829F31 /* ComapanyBasicVC.swift in Sources */ = {isa = PBXBuildFile; fileRef = B78B39EE2510D65B00829F31 /* ComapanyBasicVC.swift */; };
		B78B39F12510D67C00829F31 /* CompanyWebsiteVC.swift in Sources */ = {isa = PBXBuildFile; fileRef = B78B39F02510D67C00829F31 /* CompanyWebsiteVC.swift */; };
		B78B39F32510D69800829F31 /* CompanyMissionVC.swift in Sources */ = {isa = PBXBuildFile; fileRef = B78B39F22510D69800829F31 /* CompanyMissionVC.swift */; };
		B78B39F52510D6B000829F31 /* RegisterVC.swift in Sources */ = {isa = PBXBuildFile; fileRef = B78B39F42510D6B000829F31 /* RegisterVC.swift */; };
		B799227622F16FA9007E84B0 /* PickUserCVC.swift in Sources */ = {isa = PBXBuildFile; fileRef = B799227522F16FA9007E84B0 /* PickUserCVC.swift */; };
		B79B1D2E22F2EE8D00F3C660 /* DateFormatManager.swift in Sources */ = {isa = PBXBuildFile; fileRef = B79B1D2D22F2EE8D00F3C660 /* DateFormatManager.swift */; };
		B79EA0AA2581FD9800E3AFB1 /* CustomSplitVC.swift in Sources */ = {isa = PBXBuildFile; fileRef = B79EA0A92581FD9800E3AFB1 /* CustomSplitVC.swift */; };
		B7A65CAB25ADA1E50071785F /* GoogleService-Info.plist in Resources */ = {isa = PBXBuildFile; fileRef = B7A65CAA25ADA1E50071785F /* GoogleService-Info.plist */; };
		B7AEF2C1247BA81B000AB4A4 /* TempLaunch.storyboard in Resources */ = {isa = PBXBuildFile; fileRef = B7AEF2C0247BA81B000AB4A4 /* TempLaunch.storyboard */; };
		B7B11FF523242615006711BB /* PlaidTVCell.swift in Sources */ = {isa = PBXBuildFile; fileRef = B7B11FF423242615006711BB /* PlaidTVCell.swift */; };
		B7B11FF723242638006711BB /* ConnectedPlaidTVCell.swift in Sources */ = {isa = PBXBuildFile; fileRef = B7B11FF623242638006711BB /* ConnectedPlaidTVCell.swift */; };
		B7BA848A260B1AA400E4DB40 /* BusinessTypePicker.swift in Sources */ = {isa = PBXBuildFile; fileRef = B7BA8489260B1AA400E4DB40 /* BusinessTypePicker.swift */; };
		B7BA848C260B3E2F00E4DB40 /* LocationSelectorVC.swift in Sources */ = {isa = PBXBuildFile; fileRef = B7BA848B260B3E2F00E4DB40 /* LocationSelectorVC.swift */; };
		B7C293B525ECE423004A723B /* InProgress functions.swift in Sources */ = {isa = PBXBuildFile; fileRef = B7C293A425ECE404004A723B /* InProgress functions.swift */; };
		B7C293B625ECE423004A723B /* AdminValues.swift in Sources */ = {isa = PBXBuildFile; fileRef = B7C293A525ECE406004A723B /* AdminValues.swift */; };
		B7C293B725ECE423004A723B /* Interests.swift in Sources */ = {isa = PBXBuildFile; fileRef = B7C293A625ECE408004A723B /* Interests.swift */; };
		B7C293B825ECE423004A723B /* Offer Distribution Functions.swift in Sources */ = {isa = PBXBuildFile; fileRef = B7C293A725ECE40A004A723B /* Offer Distribution Functions.swift */; };
		B7C293B925ECE423004A723B /* Business Structs.swift in Sources */ = {isa = PBXBuildFile; fileRef = B7C293A825ECE40C004A723B /* Business Structs.swift */; };
		B7C293BA25ECE423004A723B /* UpdateToFirebase Ext.swift in Sources */ = {isa = PBXBuildFile; fileRef = B7C293A925ECE40E004A723B /* UpdateToFirebase Ext.swift */; };
		B7C293BB25ECE423004A723B /* Port.swift in Sources */ = {isa = PBXBuildFile; fileRef = B7C293AA25ECE410004A723B /* Port.swift */; };
		B7C293BC25ECE423004A723B /* Influencer Structs.swift in Sources */ = {isa = PBXBuildFile; fileRef = B7C293AB25ECE412004A723B /* Influencer Structs.swift */; };
		B7C293BD25ECE423004A723B /* Inititialization.swift in Sources */ = {isa = PBXBuildFile; fileRef = B7C293AC25ECE414004A723B /* Inititialization.swift */; };
		B7C293BE25ECE423004A723B /* Public Data Algo.swift in Sources */ = {isa = PBXBuildFile; fileRef = B7C293AD25ECE416004A723B /* Public Data Algo.swift */; };
		B7C293BF25ECE423004A723B /* CalculatedValues.swift in Sources */ = {isa = PBXBuildFile; fileRef = B7C293AE25ECE418004A723B /* CalculatedValues.swift */; };
		B7C293C025ECE423004A723B /* Offer Structs.swift in Sources */ = {isa = PBXBuildFile; fileRef = B7C293AF25ECE41A004A723B /* Offer Structs.swift */; };
		B7C293C125ECE423004A723B /* New Globals.swift in Sources */ = {isa = PBXBuildFile; fileRef = B7C293B025ECE41C004A723B /* New Globals.swift */; };
		B7C293C225ECE423004A723B /* Useful UI Functions.swift in Sources */ = {isa = PBXBuildFile; fileRef = B7C293B125ECE41D004A723B /* Useful UI Functions.swift */; };
		B7C293C325ECE423004A723B /* Social Interactions ext.swift in Sources */ = {isa = PBXBuildFile; fileRef = B7C293B225ECE41F004A723B /* Social Interactions ext.swift */; };
		B7C293C425ECE423004A723B /* UniversalDate.swift in Sources */ = {isa = PBXBuildFile; fileRef = B7C293B325ECE421004A723B /* UniversalDate.swift */; };
		B7C293C525ECE423004A723B /* OfferPool algo.swift in Sources */ = {isa = PBXBuildFile; fileRef = B7C293B425ECE423004A723B /* OfferPool algo.swift */; };
		B7C58569234DED3600EB90BB /* InstagramUserTVC.swift in Sources */ = {isa = PBXBuildFile; fileRef = B7C58568234DED3600EB90BB /* InstagramUserTVC.swift */; };
		B7C9FE8E231E4870005580E4 /* PlaidLinkEnabledVC.swift in Sources */ = {isa = PBXBuildFile; fileRef = B7C9FE8C231E486F005580E4 /* PlaidLinkEnabledVC.swift */; };
		B7C9FE8F231E4870005580E4 /* PlaidHelper.swift in Sources */ = {isa = PBXBuildFile; fileRef = B7C9FE8D231E486F005580E4 /* PlaidHelper.swift */; };
		B7CA8455234CB4A600A3223A /* StatisticsStruct.swift in Sources */ = {isa = PBXBuildFile; fileRef = B7CA8454234CB4A600A3223A /* StatisticsStruct.swift */; };
		B7D2FE12247542F00000BFFC /* tutorial.mp4 in Resources */ = {isa = PBXBuildFile; fileRef = B7D2FE11247542F00000BFFC /* tutorial.mp4 */; };
		B7D42099232A9F40009F0FCE /* TransactionInfoTVCell.swift in Sources */ = {isa = PBXBuildFile; fileRef = B7D42098232A9F40009F0FCE /* TransactionInfoTVCell.swift */; };
		B7F48BE8269C232B00F404F4 /* PickInterests.swift in Sources */ = {isa = PBXBuildFile; fileRef = B7F48BE7269C232B00F404F4 /* PickInterests.swift */; };
		B7F4BA5D25668682000F7EA4 /* InfluencerListVC.swift in Sources */ = {isa = PBXBuildFile; fileRef = B7F4BA5C25668682000F7EA4 /* InfluencerListVC.swift */; };
		B7FAB9562350888D00CED248 /* StripeConnectionMKWebview.swift in Sources */ = {isa = PBXBuildFile; fileRef = B7FAB9552350888C00CED248 /* StripeConnectionMKWebview.swift */; };
		B7FD83E722F07E1800347E8E /* AddPostTC.swift in Sources */ = {isa = PBXBuildFile; fileRef = B7FD83E622F07E1800347E8E /* AddPostTC.swift */; };
		B7FD83E922F0844C00347E8E /* AddPostTC.xib in Resources */ = {isa = PBXBuildFile; fileRef = B7FD83E822F0844C00347E8E /* AddPostTC.xib */; };
		B7FD83EB22F0866B00347E8E /* PostDetailTC.swift in Sources */ = {isa = PBXBuildFile; fileRef = B7FD83EA22F0866B00347E8E /* PostDetailTC.swift */; };
		B7FD83ED22F0870F00347E8E /* PostDetailTC.xib in Resources */ = {isa = PBXBuildFile; fileRef = B7FD83EC22F0870F00347E8E /* PostDetailTC.xib */; };
		C05FE2D9225F683E002D3CAA /* FirebaseReferences.swift in Sources */ = {isa = PBXBuildFile; fileRef = C05FE2D8225F683E002D3CAA /* FirebaseReferences.swift */; };
		C05FE2DB225F687C002D3CAA /* global.swift in Sources */ = {isa = PBXBuildFile; fileRef = C05FE2DA225F687C002D3CAA /* global.swift */; };
		C089A3C52253D4E500ECF3B0 /* structs.swift in Sources */ = {isa = PBXBuildFile; fileRef = C089A3C42253D4E500ECF3B0 /* structs.swift */; };
		C0C9390622614AE3003DC925 /* InstagramAPI.swift in Sources */ = {isa = PBXBuildFile; fileRef = C0C9390522614AE3003DC925 /* InstagramAPI.swift */; };
		C0FBFD01226154FC00BADDCD /* categories.swift in Sources */ = {isa = PBXBuildFile; fileRef = C0FBFD00226154FC00BADDCD /* categories.swift */; };
		E80B060622A07EA1002B9699 /* DepositVC.swift in Sources */ = {isa = PBXBuildFile; fileRef = E80B060522A07EA1002B9699 /* DepositVC.swift */; };
		E80B060A22A08D49002B9699 /* MoneyField.swift in Sources */ = {isa = PBXBuildFile; fileRef = E80B060922A08D49002B9699 /* MoneyField.swift */; };
		E816AC222282F3E200B9D951 /* MoneyVC.swift in Sources */ = {isa = PBXBuildFile; fileRef = E816AC212282F3E200B9D951 /* MoneyVC.swift */; };
		E82F890D22DD30B40036A079 /* CreateCompanyVC.swift in Sources */ = {isa = PBXBuildFile; fileRef = E82F890C22DD30B40036A079 /* CreateCompanyVC.swift */; };
		E83C3877262A751400B1241D /* newStatistics.storyboard in Resources */ = {isa = PBXBuildFile; fileRef = E83C3876262A751400B1241D /* newStatistics.storyboard */; };
		E83F1C5424748D9400EA216B /* ViewOfferStatisticVC.swift in Sources */ = {isa = PBXBuildFile; fileRef = E83F1C5324748D9400EA216B /* ViewOfferStatisticVC.swift */; };
		E83F378D227CDEE100BA6688 /* SignUpVC.swift in Sources */ = {isa = PBXBuildFile; fileRef = E83F378C227CDEE100BA6688 /* SignUpVC.swift */; };
		E83F378F227CDF3A00BA6688 /* GetPictureVC.swift in Sources */ = {isa = PBXBuildFile; fileRef = E83F378E227CDF3A00BA6688 /* GetPictureVC.swift */; };
		E844EAC22471DE48000CE74F /* mainTabBarController.swift in Sources */ = {isa = PBXBuildFile; fileRef = E844EAC12471DE48000CE74F /* mainTabBarController.swift */; };
		E84600802273A65600CF60F2 /* StandardNC.swift in Sources */ = {isa = PBXBuildFile; fileRef = E846007F2273A65600CF60F2 /* StandardNC.swift */; };
		E84600852273A92A00CF60F2 /* BusinessLabel.swift in Sources */ = {isa = PBXBuildFile; fileRef = E84600842273A92A00CF60F2 /* BusinessLabel.swift */; };
		E84600872273AF9100CF60F2 /* ImageViewExtensions.swift in Sources */ = {isa = PBXBuildFile; fileRef = E84600862273AF9100CF60F2 /* ImageViewExtensions.swift */; };
		E846008A2273B0B300CF60F2 /* Savvy.swift in Sources */ = {isa = PBXBuildFile; fileRef = E84600892273B0B300CF60F2 /* Savvy.swift */; };
		E855182F26ADE4840090D435 /* PostViewerVC.swift in Sources */ = {isa = PBXBuildFile; fileRef = E855182D26ADE4840090D435 /* PostViewerVC.swift */; };
		E8742510260833FC008D7375 /* offerEditor.storyboard in Resources */ = {isa = PBXBuildFile; fileRef = E874250F260833FC008D7375 /* offerEditor.storyboard */; };
		E8769168236F9A8A0026E07D /* LocalAuthentication.framework in Frameworks */ = {isa = PBXBuildFile; fileRef = E8769166236F9A830026E07D /* LocalAuthentication.framework */; };
		E899878323D3B8F20093FC0E /* CurseWords.swift in Sources */ = {isa = PBXBuildFile; fileRef = E899878223D3B8F20093FC0E /* CurseWords.swift */; };
		E8C3694222161B3000AE12D7 /* AppDelegate.swift in Sources */ = {isa = PBXBuildFile; fileRef = E8C3694122161B3000AE12D7 /* AppDelegate.swift */; };
		E8C3694422161B3000AE12D7 /* ViewController.swift in Sources */ = {isa = PBXBuildFile; fileRef = E8C3694322161B3000AE12D7 /* ViewController.swift */; };
		E8C3694722161B3000AE12D7 /* Main.storyboard in Resources */ = {isa = PBXBuildFile; fileRef = E8C3694522161B3000AE12D7 /* Main.storyboard */; };
		E8C3694A22161B3000AE12D7 /* Ambassadoor_Business.xcdatamodeld in Sources */ = {isa = PBXBuildFile; fileRef = E8C3694822161B3000AE12D7 /* Ambassadoor_Business.xcdatamodeld */; };
		E8C3694C22161B3200AE12D7 /* Assets.xcassets in Resources */ = {isa = PBXBuildFile; fileRef = E8C3694B22161B3200AE12D7 /* Assets.xcassets */; };
		E8C3694F22161B3200AE12D7 /* LaunchScreen.storyboard in Resources */ = {isa = PBXBuildFile; fileRef = E8C3694D22161B3200AE12D7 /* LaunchScreen.storyboard */; };
		E8C708C423763EAA001699D0 /* GeolocationTools.swift in Sources */ = {isa = PBXBuildFile; fileRef = E8C708C323763EA9001699D0 /* GeolocationTools.swift */; };
		E8C708C923764C51001699D0 /* SelectStatesVC.swift in Sources */ = {isa = PBXBuildFile; fileRef = E8C708C823764C51001699D0 /* SelectStatesVC.swift */; };
		E8D06DF2255F09AF00F9D79C /* VerifyEmailVC.swift in Sources */ = {isa = PBXBuildFile; fileRef = E8D06DF1255F09AF00F9D79C /* VerifyEmailVC.swift */; };
		E8DB56FF26AE4FAC00AFB807 /* StatisticsHomeVC.swift in Sources */ = {isa = PBXBuildFile; fileRef = E8DB56FE26AE4FAC00AFB807 /* StatisticsHomeVC.swift */; };
		E8DB570126AE512F00AFB807 /* Statistics Algo.swift in Sources */ = {isa = PBXBuildFile; fileRef = E8DB570026AE512F00AFB807 /* Statistics Algo.swift */; };
		E8DB570326AF1AC900AFB807 /* StatInfoVC.swift in Sources */ = {isa = PBXBuildFile; fileRef = E8DB570226AF1AC900AFB807 /* StatInfoVC.swift */; };
		E8DB570526AF300200AFB807 /* SentOfferStatsVC.swift in Sources */ = {isa = PBXBuildFile; fileRef = E8DB570426AF300100AFB807 /* SentOfferStatsVC.swift */; };
		E8E54689227BA3E800775A07 /* YourCompany.swift in Sources */ = {isa = PBXBuildFile; fileRef = E8E54688227BA3E800775A07 /* YourCompany.swift */; };
		E8E5468C227BC9E900775A07 /* StatsVC.swift in Sources */ = {isa = PBXBuildFile; fileRef = E8E5468B227BC9E900775A07 /* StatsVC.swift */; };
		E8F11A3326E9752400AD2B05 /* ViewPostsVC.swift in Sources */ = {isa = PBXBuildFile; fileRef = E8F11A3226E9752400AD2B05 /* ViewPostsVC.swift */; };
		E8F7C9B025FED714007893FF /* businessProfile.storyboard in Resources */ = {isa = PBXBuildFile; fileRef = E8F7C9AF25FED714007893FF /* businessProfile.storyboard */; };
		E8FC17642377A70100245932 /* SelectRadiiVC.swift in Sources */ = {isa = PBXBuildFile; fileRef = E8FC17632377A70100245932 /* SelectRadiiVC.swift */; };
/* End PBXBuildFile section */

/* Begin PBXFileReference section */
		228FAE77575D48623186C102 /* Pods-Ambassadoor Business.release.xcconfig */ = {isa = PBXFileReference; includeInIndex = 1; lastKnownFileType = text.xcconfig; name = "Pods-Ambassadoor Business.release.xcconfig"; path = "Target Support Files/Pods-Ambassadoor Business/Pods-Ambassadoor Business.release.xcconfig"; sourceTree = "<group>"; };
		43232CCE7767D24B796A1AAB /* Pods_Ambassadoor_Business.framework */ = {isa = PBXFileReference; explicitFileType = wrapper.framework; includeInIndex = 0; path = Pods_Ambassadoor_Business.framework; sourceTree = BUILT_PRODUCTS_DIR; };
		B6FB1485BA06735A80E39C68 /* Pods-Ambassadoor Business.debug.xcconfig */ = {isa = PBXFileReference; includeInIndex = 1; lastKnownFileType = text.xcconfig; name = "Pods-Ambassadoor Business.debug.xcconfig"; path = "Target Support Files/Pods-Ambassadoor Business/Pods-Ambassadoor Business.debug.xcconfig"; sourceTree = "<group>"; };
		B703D92325B72EAA003C7F37 /* Money.storyboard */ = {isa = PBXFileReference; lastKnownFileType = file.storyboard; path = Money.storyboard; sourceTree = "<group>"; };
		B703D92525B737D3003C7F37 /* Statistics.storyboard */ = {isa = PBXFileReference; lastKnownFileType = file.storyboard; path = Statistics.storyboard; sourceTree = "<group>"; };
		B706CB4C22E5F3310092FB77 /* SignInVC.swift */ = {isa = PBXFileReference; lastKnownFileType = sourcecode.swift; path = SignInVC.swift; sourceTree = "<group>"; };
		B706CB4E22E5F7860092FB77 /* ValidationFile.swift */ = {isa = PBXFileReference; lastKnownFileType = sourcecode.swift; path = ValidationFile.swift; sourceTree = "<group>"; };
		B706CB5022E60DC20092FB77 /* ForgetPasswordVC.swift */ = {isa = PBXFileReference; lastKnownFileType = sourcecode.swift; path = ForgetPasswordVC.swift; sourceTree = "<group>"; };
		B712C484230690A700728758 /* ProductListCell.swift */ = {isa = PBXFileReference; lastKnownFileType = sourcecode.swift; path = ProductListCell.swift; sourceTree = "<group>"; };
		B712C486230690B500728758 /* ProductListCell.xib */ = {isa = PBXFileReference; lastKnownFileType = file.xib; path = ProductListCell.xib; sourceTree = "<group>"; };
		B712C48A2306DA7900728758 /* StaticsPie.swift */ = {isa = PBXFileReference; lastKnownFileType = sourcecode.swift; path = StaticsPie.swift; sourceTree = "<group>"; };
		B72478992603533300CD20FA /* AccountDetails.storyboard */ = {isa = PBXFileReference; lastKnownFileType = file.storyboard; path = AccountDetails.storyboard; sourceTree = "<group>"; };
		B724789C2603542C00CD20FA /* AccountInfoVC.swift */ = {isa = PBXFileReference; fileEncoding = 4; lastKnownFileType = sourcecode.swift; path = AccountInfoVC.swift; sourceTree = "<group>"; };
		B724789D2603542E00CD20FA /* NewWithdrawVC.swift */ = {isa = PBXFileReference; fileEncoding = 4; lastKnownFileType = sourcecode.swift; path = NewWithdrawVC.swift; sourceTree = "<group>"; };
		B724789E2603543100CD20FA /* WithDrawNoteVC.swift */ = {isa = PBXFileReference; fileEncoding = 4; lastKnownFileType = sourcecode.swift; path = WithDrawNoteVC.swift; sourceTree = "<group>"; };
		B72478A2260367C700CD20FA /* TransactionHistoryVC.swift */ = {isa = PBXFileReference; lastKnownFileType = sourcecode.swift; path = TransactionHistoryVC.swift; sourceTree = "<group>"; };
		B72A5C5E261ECD0C004B63F3 /* InterestPicker.storyboard */ = {isa = PBXFileReference; fileEncoding = 4; lastKnownFileType = file.storyboard; path = InterestPicker.storyboard; sourceTree = "<group>"; };
		B72A5C5F261ECD0F004B63F3 /* InterestPickerPopupVC.swift */ = {isa = PBXFileReference; fileEncoding = 4; lastKnownFileType = sourcecode.swift; path = InterestPickerPopupVC.swift; sourceTree = "<group>"; };
		B72A5C60261ECD12004B63F3 /* InterestPickerVC.swift */ = {isa = PBXFileReference; fileEncoding = 4; lastKnownFileType = sourcecode.swift; path = InterestPickerVC.swift; sourceTree = "<group>"; };
		B72CB50722E6E8C100958AE0 /* BaseVC.swift */ = {isa = PBXFileReference; lastKnownFileType = sourcecode.swift; path = BaseVC.swift; sourceTree = "<group>"; };
		B72CB50922E7024500958AE0 /* UIViewExtension.swift */ = {isa = PBXFileReference; lastKnownFileType = sourcecode.swift; path = UIViewExtension.swift; sourceTree = "<group>"; };
		B72CD04826130A8B00AE5CA4 /* OfferFilterVC.swift */ = {isa = PBXFileReference; lastKnownFileType = sourcecode.swift; path = OfferFilterVC.swift; sourceTree = "<group>"; };
		B72CD04A2613275900AE5CA4 /* LocationFilterVC.swift */ = {isa = PBXFileReference; lastKnownFileType = sourcecode.swift; path = LocationFilterVC.swift; sourceTree = "<group>"; };
		B72CD04C261331E300AE5CA4 /* FilterRadiousVC.swift */ = {isa = PBXFileReference; lastKnownFileType = sourcecode.swift; path = FilterRadiousVC.swift; sourceTree = "<group>"; };
		B72CFDC925FF5AE100033CC5 /* ProfilePickerVC.swift */ = {isa = PBXFileReference; lastKnownFileType = sourcecode.swift; path = ProfilePickerVC.swift; sourceTree = "<group>"; };
		B72CFDCB25FF9C4B00033CC5 /* AddBasicBusinessVC.swift */ = {isa = PBXFileReference; lastKnownFileType = sourcecode.swift; path = AddBasicBusinessVC.swift; sourceTree = "<group>"; };
		B72F432F26E1F38800D2953D /* ReferralViewController.swift */ = {isa = PBXFileReference; lastKnownFileType = sourcecode.swift; path = ReferralViewController.swift; sourceTree = "<group>"; };
		B737F9EF262817D9008D0E6F /* FilterStatsVC.swift */ = {isa = PBXFileReference; lastKnownFileType = sourcecode.swift; path = FilterStatsVC.swift; sourceTree = "<group>"; };
		B737F9F126288046008D0E6F /* NewDistributeVC.swift */ = {isa = PBXFileReference; lastKnownFileType = sourcecode.swift; path = NewDistributeVC.swift; sourceTree = "<group>"; };
		B750E78422E5B75F00024CB1 /* Onboarding.storyboard */ = {isa = PBXFileReference; lastKnownFileType = file.storyboard; path = Onboarding.storyboard; sourceTree = "<group>"; };
		B75EC9A5230ACE4800BA7A7B /* NetworkManager.swift */ = {isa = PBXFileReference; lastKnownFileType = sourcecode.swift; path = NetworkManager.swift; sourceTree = "<group>"; };
		B75F7A842506476300D14675 /* TimerListener.swift */ = {isa = PBXFileReference; lastKnownFileType = sourcecode.swift; path = TimerListener.swift; sourceTree = "<group>"; };
		B76575F526143AEC0076F594 /* FilterByCityVC.swift */ = {isa = PBXFileReference; lastKnownFileType = sourcecode.swift; path = FilterByCityVC.swift; sourceTree = "<group>"; };
		B76575F72614484D0076F594 /* NewObjectClass.swift */ = {isa = PBXFileReference; lastKnownFileType = sourcecode.swift; path = NewObjectClass.swift; sourceTree = "<group>"; };
		B76DEDE32600B24A00886911 /* MultipleBusinessAccountVC.swift */ = {isa = PBXFileReference; lastKnownFileType = sourcecode.swift; path = MultipleBusinessAccountVC.swift; sourceTree = "<group>"; };
		B76DEDE52600B61400886911 /* ContractBusinessVC.swift */ = {isa = PBXFileReference; lastKnownFileType = sourcecode.swift; path = ContractBusinessVC.swift; sourceTree = "<group>"; };
		B76DEDE92600C1F200886911 /* NewBasicBusinessView.swift */ = {isa = PBXFileReference; lastKnownFileType = sourcecode.swift; path = NewBasicBusinessView.swift; sourceTree = "<group>"; };
		B770B8102514A5E700724465 /* RegisterCompany.storyboard */ = {isa = PBXFileReference; lastKnownFileType = file.storyboard; path = RegisterCompany.storyboard; sourceTree = "<group>"; };
		B7712CC926087A3700162E70 /* NewOfferListVC.swift */ = {isa = PBXFileReference; lastKnownFileType = sourcecode.swift; path = NewOfferListVC.swift; sourceTree = "<group>"; };
		B7712CCB260897E000162E70 /* OfferNewCreateVC.swift */ = {isa = PBXFileReference; lastKnownFileType = sourcecode.swift; path = OfferNewCreateVC.swift; sourceTree = "<group>"; };
		B7712CCD2608B6C300162E70 /* BasicsListVC.swift */ = {isa = PBXFileReference; lastKnownFileType = sourcecode.swift; path = BasicsListVC.swift; sourceTree = "<group>"; };
		B774B6E824728ADA007C8699 /* SimplexStatistics.swift */ = {isa = PBXFileReference; lastKnownFileType = sourcecode.swift; path = SimplexStatistics.swift; sourceTree = "<group>"; };
		B7787EF325132BBC00098A92 /* RegisterNewVC.swift */ = {isa = PBXFileReference; lastKnownFileType = sourcecode.swift; path = RegisterNewVC.swift; sourceTree = "<group>"; };
		B77D4C382609CFF30002E04E /* PostDetailVC.swift */ = {isa = PBXFileReference; lastKnownFileType = sourcecode.swift; path = PostDetailVC.swift; sourceTree = "<group>"; };
		B788D6F322E8931100FA59BA /* RegisterCompanyVC.swift */ = {isa = PBXFileReference; lastKnownFileType = sourcecode.swift; path = RegisterCompanyVC.swift; sourceTree = "<group>"; };
		B78B39E925109BA500829F31 /* RegisterCompanyPVC.swift */ = {isa = PBXFileReference; lastKnownFileType = sourcecode.swift; path = RegisterCompanyPVC.swift; sourceTree = "<group>"; };
		B78B39EC2510D49400829F31 /* ReferralVC.swift */ = {isa = PBXFileReference; lastKnownFileType = sourcecode.swift; path = ReferralVC.swift; sourceTree = "<group>"; };
		B78B39EE2510D65B00829F31 /* ComapanyBasicVC.swift */ = {isa = PBXFileReference; lastKnownFileType = sourcecode.swift; path = ComapanyBasicVC.swift; sourceTree = "<group>"; };
		B78B39F02510D67C00829F31 /* CompanyWebsiteVC.swift */ = {isa = PBXFileReference; lastKnownFileType = sourcecode.swift; path = CompanyWebsiteVC.swift; sourceTree = "<group>"; };
		B78B39F22510D69800829F31 /* CompanyMissionVC.swift */ = {isa = PBXFileReference; lastKnownFileType = sourcecode.swift; path = CompanyMissionVC.swift; sourceTree = "<group>"; };
		B78B39F42510D6B000829F31 /* RegisterVC.swift */ = {isa = PBXFileReference; lastKnownFileType = sourcecode.swift; path = RegisterVC.swift; sourceTree = "<group>"; };
		B799227522F16FA9007E84B0 /* PickUserCVC.swift */ = {isa = PBXFileReference; lastKnownFileType = sourcecode.swift; path = PickUserCVC.swift; sourceTree = "<group>"; };
		B79B1D2D22F2EE8D00F3C660 /* DateFormatManager.swift */ = {isa = PBXFileReference; lastKnownFileType = sourcecode.swift; path = DateFormatManager.swift; sourceTree = "<group>"; };
		B79EA0A92581FD9800E3AFB1 /* CustomSplitVC.swift */ = {isa = PBXFileReference; lastKnownFileType = sourcecode.swift; path = CustomSplitVC.swift; sourceTree = "<group>"; };
		B7A65CAA25ADA1E50071785F /* GoogleService-Info.plist */ = {isa = PBXFileReference; fileEncoding = 4; lastKnownFileType = text.plist.xml; path = "GoogleService-Info.plist"; sourceTree = "<group>"; };
		B7AEF2C0247BA81B000AB4A4 /* TempLaunch.storyboard */ = {isa = PBXFileReference; lastKnownFileType = file.storyboard; path = TempLaunch.storyboard; sourceTree = "<group>"; };
		B7B11FF423242615006711BB /* PlaidTVCell.swift */ = {isa = PBXFileReference; lastKnownFileType = sourcecode.swift; path = PlaidTVCell.swift; sourceTree = "<group>"; };
		B7B11FF623242638006711BB /* ConnectedPlaidTVCell.swift */ = {isa = PBXFileReference; lastKnownFileType = sourcecode.swift; path = ConnectedPlaidTVCell.swift; sourceTree = "<group>"; };
		B7B72E07237C4953002AB168 /* Ambassadoor Business.entitlements */ = {isa = PBXFileReference; lastKnownFileType = text.plist.entitlements; path = "Ambassadoor Business.entitlements"; sourceTree = "<group>"; };
		B7BA8489260B1AA400E4DB40 /* BusinessTypePicker.swift */ = {isa = PBXFileReference; lastKnownFileType = sourcecode.swift; path = BusinessTypePicker.swift; sourceTree = "<group>"; };
		B7BA848B260B3E2F00E4DB40 /* LocationSelectorVC.swift */ = {isa = PBXFileReference; lastKnownFileType = sourcecode.swift; path = LocationSelectorVC.swift; sourceTree = "<group>"; };
		B7C293A425ECE404004A723B /* InProgress functions.swift */ = {isa = PBXFileReference; fileEncoding = 4; lastKnownFileType = sourcecode.swift; path = "InProgress functions.swift"; sourceTree = "<group>"; };
		B7C293A525ECE406004A723B /* AdminValues.swift */ = {isa = PBXFileReference; fileEncoding = 4; lastKnownFileType = sourcecode.swift; path = AdminValues.swift; sourceTree = "<group>"; };
		B7C293A625ECE408004A723B /* Interests.swift */ = {isa = PBXFileReference; fileEncoding = 4; lastKnownFileType = sourcecode.swift; path = Interests.swift; sourceTree = "<group>"; };
		B7C293A725ECE40A004A723B /* Offer Distribution Functions.swift */ = {isa = PBXFileReference; fileEncoding = 4; lastKnownFileType = sourcecode.swift; path = "Offer Distribution Functions.swift"; sourceTree = "<group>"; };
		B7C293A825ECE40C004A723B /* Business Structs.swift */ = {isa = PBXFileReference; fileEncoding = 4; lastKnownFileType = sourcecode.swift; path = "Business Structs.swift"; sourceTree = "<group>"; };
		B7C293A925ECE40E004A723B /* UpdateToFirebase Ext.swift */ = {isa = PBXFileReference; fileEncoding = 4; lastKnownFileType = sourcecode.swift; path = "UpdateToFirebase Ext.swift"; sourceTree = "<group>"; };
		B7C293AA25ECE410004A723B /* Port.swift */ = {isa = PBXFileReference; fileEncoding = 4; lastKnownFileType = sourcecode.swift; path = Port.swift; sourceTree = "<group>"; };
		B7C293AB25ECE412004A723B /* Influencer Structs.swift */ = {isa = PBXFileReference; fileEncoding = 4; lastKnownFileType = sourcecode.swift; path = "Influencer Structs.swift"; sourceTree = "<group>"; };
		B7C293AC25ECE414004A723B /* Inititialization.swift */ = {isa = PBXFileReference; fileEncoding = 4; lastKnownFileType = sourcecode.swift; path = Inititialization.swift; sourceTree = "<group>"; };
		B7C293AD25ECE416004A723B /* Public Data Algo.swift */ = {isa = PBXFileReference; fileEncoding = 4; lastKnownFileType = sourcecode.swift; path = "Public Data Algo.swift"; sourceTree = "<group>"; };
		B7C293AE25ECE418004A723B /* CalculatedValues.swift */ = {isa = PBXFileReference; fileEncoding = 4; lastKnownFileType = sourcecode.swift; path = CalculatedValues.swift; sourceTree = "<group>"; };
		B7C293AF25ECE41A004A723B /* Offer Structs.swift */ = {isa = PBXFileReference; fileEncoding = 4; lastKnownFileType = sourcecode.swift; path = "Offer Structs.swift"; sourceTree = "<group>"; };
		B7C293B025ECE41C004A723B /* New Globals.swift */ = {isa = PBXFileReference; fileEncoding = 4; lastKnownFileType = sourcecode.swift; path = "New Globals.swift"; sourceTree = "<group>"; };
		B7C293B125ECE41D004A723B /* Useful UI Functions.swift */ = {isa = PBXFileReference; fileEncoding = 4; lastKnownFileType = sourcecode.swift; path = "Useful UI Functions.swift"; sourceTree = "<group>"; };
		B7C293B225ECE41F004A723B /* Social Interactions ext.swift */ = {isa = PBXFileReference; fileEncoding = 4; lastKnownFileType = sourcecode.swift; path = "Social Interactions ext.swift"; sourceTree = "<group>"; };
		B7C293B325ECE421004A723B /* UniversalDate.swift */ = {isa = PBXFileReference; fileEncoding = 4; lastKnownFileType = sourcecode.swift; path = UniversalDate.swift; sourceTree = "<group>"; };
		B7C293B425ECE423004A723B /* OfferPool algo.swift */ = {isa = PBXFileReference; fileEncoding = 4; lastKnownFileType = sourcecode.swift; path = "OfferPool algo.swift"; sourceTree = "<group>"; };
		B7C58568234DED3600EB90BB /* InstagramUserTVC.swift */ = {isa = PBXFileReference; lastKnownFileType = sourcecode.swift; path = InstagramUserTVC.swift; sourceTree = "<group>"; };
		B7C9FE8C231E486F005580E4 /* PlaidLinkEnabledVC.swift */ = {isa = PBXFileReference; fileEncoding = 4; lastKnownFileType = sourcecode.swift; path = PlaidLinkEnabledVC.swift; sourceTree = "<group>"; };
		B7C9FE8D231E486F005580E4 /* PlaidHelper.swift */ = {isa = PBXFileReference; fileEncoding = 4; lastKnownFileType = sourcecode.swift; path = PlaidHelper.swift; sourceTree = "<group>"; };
		B7CA8454234CB4A600A3223A /* StatisticsStruct.swift */ = {isa = PBXFileReference; fileEncoding = 4; lastKnownFileType = sourcecode.swift; path = StatisticsStruct.swift; sourceTree = "<group>"; };
		B7D030AD23237CA4002B90FF /* Ambassadoor Business-Bridging-Header.h */ = {isa = PBXFileReference; lastKnownFileType = sourcecode.c.h; path = "Ambassadoor Business-Bridging-Header.h"; sourceTree = "<group>"; };
		B7D2FE11247542F00000BFFC /* tutorial.mp4 */ = {isa = PBXFileReference; lastKnownFileType = file; path = tutorial.mp4; sourceTree = "<group>"; };
		B7D42098232A9F40009F0FCE /* TransactionInfoTVCell.swift */ = {isa = PBXFileReference; lastKnownFileType = sourcecode.swift; path = TransactionInfoTVCell.swift; sourceTree = "<group>"; };
		B7F48BE7269C232B00F404F4 /* PickInterests.swift */ = {isa = PBXFileReference; fileEncoding = 4; lastKnownFileType = sourcecode.swift; path = PickInterests.swift; sourceTree = "<group>"; };
		B7F4BA5C25668682000F7EA4 /* InfluencerListVC.swift */ = {isa = PBXFileReference; lastKnownFileType = sourcecode.swift; path = InfluencerListVC.swift; sourceTree = "<group>"; };
		B7FAB9552350888C00CED248 /* StripeConnectionMKWebview.swift */ = {isa = PBXFileReference; fileEncoding = 4; lastKnownFileType = sourcecode.swift; path = StripeConnectionMKWebview.swift; sourceTree = "<group>"; };
		B7FD83E622F07E1800347E8E /* AddPostTC.swift */ = {isa = PBXFileReference; lastKnownFileType = sourcecode.swift; path = AddPostTC.swift; sourceTree = "<group>"; };
		B7FD83E822F0844C00347E8E /* AddPostTC.xib */ = {isa = PBXFileReference; lastKnownFileType = file.xib; path = AddPostTC.xib; sourceTree = "<group>"; };
		B7FD83EA22F0866B00347E8E /* PostDetailTC.swift */ = {isa = PBXFileReference; lastKnownFileType = sourcecode.swift; path = PostDetailTC.swift; sourceTree = "<group>"; };
		B7FD83EC22F0870F00347E8E /* PostDetailTC.xib */ = {isa = PBXFileReference; lastKnownFileType = file.xib; path = PostDetailTC.xib; sourceTree = "<group>"; };
		C05FE2D8225F683E002D3CAA /* FirebaseReferences.swift */ = {isa = PBXFileReference; lastKnownFileType = sourcecode.swift; path = FirebaseReferences.swift; sourceTree = "<group>"; };
		C05FE2DA225F687C002D3CAA /* global.swift */ = {isa = PBXFileReference; lastKnownFileType = sourcecode.swift; path = global.swift; sourceTree = "<group>"; };
		C089A3C42253D4E500ECF3B0 /* structs.swift */ = {isa = PBXFileReference; lastKnownFileType = sourcecode.swift; path = structs.swift; sourceTree = "<group>"; };
		C0C9390522614AE3003DC925 /* InstagramAPI.swift */ = {isa = PBXFileReference; lastKnownFileType = sourcecode.swift; path = InstagramAPI.swift; sourceTree = "<group>"; };
		C0FBFD00226154FC00BADDCD /* categories.swift */ = {isa = PBXFileReference; lastKnownFileType = sourcecode.swift; path = categories.swift; sourceTree = "<group>"; };
		E80B060522A07EA1002B9699 /* DepositVC.swift */ = {isa = PBXFileReference; lastKnownFileType = sourcecode.swift; path = DepositVC.swift; sourceTree = "<group>"; };
		E80B060922A08D49002B9699 /* MoneyField.swift */ = {isa = PBXFileReference; lastKnownFileType = sourcecode.swift; path = MoneyField.swift; sourceTree = "<group>"; };
		E816AC212282F3E200B9D951 /* MoneyVC.swift */ = {isa = PBXFileReference; lastKnownFileType = sourcecode.swift; path = MoneyVC.swift; sourceTree = "<group>"; };
		E82F890C22DD30B40036A079 /* CreateCompanyVC.swift */ = {isa = PBXFileReference; lastKnownFileType = sourcecode.swift; path = CreateCompanyVC.swift; sourceTree = "<group>"; };
		E83C3876262A751400B1241D /* newStatistics.storyboard */ = {isa = PBXFileReference; lastKnownFileType = file.storyboard; path = newStatistics.storyboard; sourceTree = "<group>"; };
		E83F1C5324748D9400EA216B /* ViewOfferStatisticVC.swift */ = {isa = PBXFileReference; lastKnownFileType = sourcecode.swift; path = ViewOfferStatisticVC.swift; sourceTree = "<group>"; };
		E83F378C227CDEE100BA6688 /* SignUpVC.swift */ = {isa = PBXFileReference; lastKnownFileType = sourcecode.swift; path = SignUpVC.swift; sourceTree = "<group>"; };
		E83F378E227CDF3A00BA6688 /* GetPictureVC.swift */ = {isa = PBXFileReference; lastKnownFileType = sourcecode.swift; path = GetPictureVC.swift; sourceTree = "<group>"; };
		E844EAC12471DE48000CE74F /* mainTabBarController.swift */ = {isa = PBXFileReference; lastKnownFileType = sourcecode.swift; path = mainTabBarController.swift; sourceTree = "<group>"; };
		E846007F2273A65600CF60F2 /* StandardNC.swift */ = {isa = PBXFileReference; lastKnownFileType = sourcecode.swift; path = StandardNC.swift; sourceTree = "<group>"; };
		E84600842273A92A00CF60F2 /* BusinessLabel.swift */ = {isa = PBXFileReference; lastKnownFileType = sourcecode.swift; path = BusinessLabel.swift; sourceTree = "<group>"; };
		E84600862273AF9100CF60F2 /* ImageViewExtensions.swift */ = {isa = PBXFileReference; lastKnownFileType = sourcecode.swift; path = ImageViewExtensions.swift; sourceTree = "<group>"; };
		E84600892273B0B300CF60F2 /* Savvy.swift */ = {isa = PBXFileReference; fileEncoding = 4; lastKnownFileType = sourcecode.swift; path = Savvy.swift; sourceTree = "<group>"; };
		E855182D26ADE4840090D435 /* PostViewerVC.swift */ = {isa = PBXFileReference; lastKnownFileType = sourcecode.swift; path = PostViewerVC.swift; sourceTree = "<group>"; };
		E874250F260833FC008D7375 /* offerEditor.storyboard */ = {isa = PBXFileReference; lastKnownFileType = file.storyboard; path = offerEditor.storyboard; sourceTree = "<group>"; };
		E8769166236F9A830026E07D /* LocalAuthentication.framework */ = {isa = PBXFileReference; lastKnownFileType = wrapper.framework; name = LocalAuthentication.framework; path = System/Library/Frameworks/LocalAuthentication.framework; sourceTree = SDKROOT; };
		E899878223D3B8F20093FC0E /* CurseWords.swift */ = {isa = PBXFileReference; lastKnownFileType = sourcecode.swift; path = CurseWords.swift; sourceTree = "<group>"; };
		E8C3693E22161B3000AE12D7 /* Ambassadoor Business.app */ = {isa = PBXFileReference; explicitFileType = wrapper.application; includeInIndex = 0; path = "Ambassadoor Business.app"; sourceTree = BUILT_PRODUCTS_DIR; };
		E8C3694122161B3000AE12D7 /* AppDelegate.swift */ = {isa = PBXFileReference; lastKnownFileType = sourcecode.swift; path = AppDelegate.swift; sourceTree = "<group>"; };
		E8C3694322161B3000AE12D7 /* ViewController.swift */ = {isa = PBXFileReference; lastKnownFileType = sourcecode.swift; path = ViewController.swift; sourceTree = "<group>"; };
		E8C3694622161B3000AE12D7 /* Base */ = {isa = PBXFileReference; lastKnownFileType = file.storyboard; name = Base; path = Base.lproj/Main.storyboard; sourceTree = "<group>"; };
		E8C3694922161B3000AE12D7 /* Ambassadoor_Business.xcdatamodel */ = {isa = PBXFileReference; lastKnownFileType = wrapper.xcdatamodel; path = Ambassadoor_Business.xcdatamodel; sourceTree = "<group>"; };
		E8C3694B22161B3200AE12D7 /* Assets.xcassets */ = {isa = PBXFileReference; lastKnownFileType = folder.assetcatalog; path = Assets.xcassets; sourceTree = "<group>"; };
		E8C3694E22161B3200AE12D7 /* Base */ = {isa = PBXFileReference; lastKnownFileType = file.storyboard; name = Base; path = Base.lproj/LaunchScreen.storyboard; sourceTree = "<group>"; };
		E8C3695022161B3200AE12D7 /* Info.plist */ = {isa = PBXFileReference; lastKnownFileType = text.plist.xml; path = Info.plist; sourceTree = "<group>"; };
		E8C708C323763EA9001699D0 /* GeolocationTools.swift */ = {isa = PBXFileReference; fileEncoding = 4; lastKnownFileType = sourcecode.swift; path = GeolocationTools.swift; sourceTree = "<group>"; };
		E8C708C823764C51001699D0 /* SelectStatesVC.swift */ = {isa = PBXFileReference; lastKnownFileType = sourcecode.swift; path = SelectStatesVC.swift; sourceTree = "<group>"; };
		E8D06DF1255F09AF00F9D79C /* VerifyEmailVC.swift */ = {isa = PBXFileReference; fileEncoding = 4; lastKnownFileType = sourcecode.swift; path = VerifyEmailVC.swift; sourceTree = "<group>"; };
		E8DB56FE26AE4FAC00AFB807 /* StatisticsHomeVC.swift */ = {isa = PBXFileReference; lastKnownFileType = sourcecode.swift; path = StatisticsHomeVC.swift; sourceTree = "<group>"; };
		E8DB570026AE512F00AFB807 /* Statistics Algo.swift */ = {isa = PBXFileReference; lastKnownFileType = sourcecode.swift; path = "Statistics Algo.swift"; sourceTree = "<group>"; };
		E8DB570226AF1AC900AFB807 /* StatInfoVC.swift */ = {isa = PBXFileReference; lastKnownFileType = sourcecode.swift; path = StatInfoVC.swift; sourceTree = "<group>"; };
		E8DB570426AF300100AFB807 /* SentOfferStatsVC.swift */ = {isa = PBXFileReference; lastKnownFileType = sourcecode.swift; path = SentOfferStatsVC.swift; sourceTree = "<group>"; };
		E8E54688227BA3E800775A07 /* YourCompany.swift */ = {isa = PBXFileReference; lastKnownFileType = sourcecode.swift; path = YourCompany.swift; sourceTree = "<group>"; };
		E8E5468B227BC9E900775A07 /* StatsVC.swift */ = {isa = PBXFileReference; lastKnownFileType = sourcecode.swift; path = StatsVC.swift; sourceTree = "<group>"; };
		E8F11A3226E9752400AD2B05 /* ViewPostsVC.swift */ = {isa = PBXFileReference; lastKnownFileType = sourcecode.swift; path = ViewPostsVC.swift; sourceTree = "<group>"; };
		E8F7C9AF25FED714007893FF /* businessProfile.storyboard */ = {isa = PBXFileReference; lastKnownFileType = file.storyboard; path = businessProfile.storyboard; sourceTree = "<group>"; };
		E8FC17632377A70100245932 /* SelectRadiiVC.swift */ = {isa = PBXFileReference; lastKnownFileType = sourcecode.swift; path = SelectRadiiVC.swift; sourceTree = "<group>"; };
/* End PBXFileReference section */

/* Begin PBXFrameworksBuildPhase section */
		E8C3693B22161B3000AE12D7 /* Frameworks */ = {
			isa = PBXFrameworksBuildPhase;
			buildActionMask = 2147483647;
			files = (
				E8769168236F9A8A0026E07D /* LocalAuthentication.framework in Frameworks */,
				991B755A990D3FC6E4FE2863 /* Pods_Ambassadoor_Business.framework in Frameworks */,
			);
			runOnlyForDeploymentPostprocessing = 0;
		};
/* End PBXFrameworksBuildPhase section */

/* Begin PBXGroup section */
		89E5CAE2B32FDBDFE060CC9E /* Frameworks */ = {
			isa = PBXGroup;
			children = (
				E8769166236F9A830026E07D /* LocalAuthentication.framework */,
				43232CCE7767D24B796A1AAB /* Pods_Ambassadoor_Business.framework */,
			);
			name = Frameworks;
			sourceTree = "<group>";
		};
		B724789B2603541000CD20FA /* New WithDraw */ = {
			isa = PBXGroup;
			children = (
				B724789C2603542C00CD20FA /* AccountInfoVC.swift */,
				B724789D2603542E00CD20FA /* NewWithdrawVC.swift */,
				B724789E2603543100CD20FA /* WithDrawNoteVC.swift */,
				B72478A2260367C700CD20FA /* TransactionHistoryVC.swift */,
			);
			path = "New WithDraw";
			sourceTree = "<group>";
		};
		B774B6E7247284E7007C8699 /* SimplexStatistics */ = {
			isa = PBXGroup;
			children = (
				B774B6E824728ADA007C8699 /* SimplexStatistics.swift */,
			);
			path = SimplexStatistics;
			sourceTree = "<group>";
		};
		B78B39EB2510D41A00829F31 /* RegisterCompanyVcs */ = {
			isa = PBXGroup;
			children = (
				B788D6F322E8931100FA59BA /* RegisterCompanyVC.swift */,
				B7787EF325132BBC00098A92 /* RegisterNewVC.swift */,
				B78B39E925109BA500829F31 /* RegisterCompanyPVC.swift */,
				B78B39EC2510D49400829F31 /* ReferralVC.swift */,
				B78B39EE2510D65B00829F31 /* ComapanyBasicVC.swift */,
				B78B39F02510D67C00829F31 /* CompanyWebsiteVC.swift */,
				B78B39F22510D69800829F31 /* CompanyMissionVC.swift */,
				B78B39F42510D6B000829F31 /* RegisterVC.swift */,
			);
			path = RegisterCompanyVcs;
			sourceTree = "<group>";
		};
		B799227422F16F1E007E84B0 /* CollectionCell */ = {
			isa = PBXGroup;
			children = (
				B799227522F16FA9007E84B0 /* PickUserCVC.swift */,
			);
			path = CollectionCell;
			sourceTree = "<group>";
		};
		B7C293A325ECE3E8004A723B /* New Model */ = {
			isa = PBXGroup;
			children = (
				B7C293A525ECE406004A723B /* AdminValues.swift */,
				B7C293A825ECE40C004A723B /* Business Structs.swift */,
				B7C293AE25ECE418004A723B /* CalculatedValues.swift */,
				B7C293AB25ECE412004A723B /* Influencer Structs.swift */,
				B7C293AC25ECE414004A723B /* Inititialization.swift */,
				B7C293A425ECE404004A723B /* InProgress functions.swift */,
				B7C293A625ECE408004A723B /* Interests.swift */,
				B7C293B025ECE41C004A723B /* New Globals.swift */,
				B7C293A725ECE40A004A723B /* Offer Distribution Functions.swift */,
				B7C293AF25ECE41A004A723B /* Offer Structs.swift */,
				B7C293B425ECE423004A723B /* OfferPool algo.swift */,
				B7C293AA25ECE410004A723B /* Port.swift */,
				B7C293AD25ECE416004A723B /* Public Data Algo.swift */,
				B7C293B225ECE41F004A723B /* Social Interactions ext.swift */,
				B7C293B325ECE421004A723B /* UniversalDate.swift */,
				B7C293A925ECE40E004A723B /* UpdateToFirebase Ext.swift */,
				B7C293B125ECE41D004A723B /* Useful UI Functions.swift */,
				C05FE2D8225F683E002D3CAA /* FirebaseReferences.swift */,
				B76575F72614484D0076F594 /* NewObjectClass.swift */,
				E8DB570026AE512F00AFB807 /* Statistics Algo.swift */,
			);
			path = "New Model";
			sourceTree = "<group>";
		};
		B7C9FE8B231E485E005580E4 /* Plaid */ = {
			isa = PBXGroup;
			children = (
				B7C9FE8D231E486F005580E4 /* PlaidHelper.swift */,
				B7C9FE8C231E486F005580E4 /* PlaidLinkEnabledVC.swift */,
			);
			path = Plaid;
			sourceTree = "<group>";
		};
		B7FD83E522F07DD900347E8E /* TableviewCell */ = {
			isa = PBXGroup;
			children = (
				B7FD83E622F07E1800347E8E /* AddPostTC.swift */,
				B7FD83E822F0844C00347E8E /* AddPostTC.xib */,
				B7FD83EA22F0866B00347E8E /* PostDetailTC.swift */,
				B7FD83EC22F0870F00347E8E /* PostDetailTC.xib */,
				B712C484230690A700728758 /* ProductListCell.swift */,
				B712C486230690B500728758 /* ProductListCell.xib */,
				B7B11FF423242615006711BB /* PlaidTVCell.swift */,
				B7B11FF623242638006711BB /* ConnectedPlaidTVCell.swift */,
				B7D42098232A9F40009F0FCE /* TransactionInfoTVCell.swift */,
				B7C58568234DED3600EB90BB /* InstagramUserTVC.swift */,
			);
			path = TableviewCell;
			sourceTree = "<group>";
		};
		C089A3C32253D4C900ECF3B0 /* Model */ = {
			isa = PBXGroup;
			children = (
				E84600892273B0B300CF60F2 /* Savvy.swift */,
				C089A3C42253D4E500ECF3B0 /* structs.swift */,
				C05FE2DA225F687C002D3CAA /* global.swift */,
				C0C9390522614AE3003DC925 /* InstagramAPI.swift */,
				C0FBFD00226154FC00BADDCD /* categories.swift */,
				E8C708C323763EA9001699D0 /* GeolocationTools.swift */,
				E899878223D3B8F20093FC0E /* CurseWords.swift */,
				B75F7A842506476300D14675 /* TimerListener.swift */,
			);
			path = Model;
			sourceTree = "<group>";
		};
		CC48B249CB6DE037BF7A37D1 /* Pods */ = {
			isa = PBXGroup;
			children = (
				B6FB1485BA06735A80E39C68 /* Pods-Ambassadoor Business.debug.xcconfig */,
				228FAE77575D48623186C102 /* Pods-Ambassadoor Business.release.xcconfig */,
			);
			path = Pods;
			sourceTree = "<group>";
		};
		E816AC202282F34000B9D951 /* Money */ = {
			isa = PBXGroup;
			children = (
				E816AC212282F3E200B9D951 /* MoneyVC.swift */,
				E80B060522A07EA1002B9699 /* DepositVC.swift */,
				B7FAB9552350888C00CED248 /* StripeConnectionMKWebview.swift */,
			);
			path = Money;
			sourceTree = "<group>";
		};
		E83C3875262A750200B1241D /* New Statistics */ = {
			isa = PBXGroup;
			children = (
				E83C3876262A751400B1241D /* newStatistics.storyboard */,
				E855182D26ADE4840090D435 /* PostViewerVC.swift */,
				E8DB56FE26AE4FAC00AFB807 /* StatisticsHomeVC.swift */,
				E8DB570226AF1AC900AFB807 /* StatInfoVC.swift */,
				E8DB570426AF300100AFB807 /* SentOfferStatsVC.swift */,
				E8F11A3226E9752400AD2B05 /* ViewPostsVC.swift */,
			);
			path = "New Statistics";
			sourceTree = "<group>";
		};
		E83F378B227CDEBA00BA6688 /* Sign Up */ = {
			isa = PBXGroup;
			children = (
				E83F378C227CDEE100BA6688 /* SignUpVC.swift */,
				B706CB4C22E5F3310092FB77 /* SignInVC.swift */,
				B706CB5022E60DC20092FB77 /* ForgetPasswordVC.swift */,
				E82F890C22DD30B40036A079 /* CreateCompanyVC.swift */,
				E8D06DF1255F09AF00F9D79C /* VerifyEmailVC.swift */,
				B72F432F26E1F38800D2953D /* ReferralViewController.swift */,
				B78B39EB2510D41A00829F31 /* RegisterCompanyVcs */,
			);
			path = "Sign Up";
			sourceTree = "<group>";
		};
		E846007E2273A5F800CF60F2 /* Resources */ = {
			isa = PBXGroup;
			children = (
				E84600842273A92A00CF60F2 /* BusinessLabel.swift */,
				E846007F2273A65600CF60F2 /* StandardNC.swift */,
				E83F378E227CDF3A00BA6688 /* GetPictureVC.swift */,
				E80B060922A08D49002B9699 /* MoneyField.swift */,
				B706CB4E22E5F7860092FB77 /* ValidationFile.swift */,
				B72CB50722E6E8C100958AE0 /* BaseVC.swift */,
				B79B1D2D22F2EE8D00F3C660 /* DateFormatManager.swift */,
				B75EC9A5230ACE4800BA7A7B /* NetworkManager.swift */,
				E844EAC12471DE48000CE74F /* mainTabBarController.swift */,
			);
			path = Resources;
			sourceTree = "<group>";
		};
		E84600882273AFA400CF60F2 /* Extentions */ = {
			isa = PBXGroup;
			children = (
				E84600862273AF9100CF60F2 /* ImageViewExtensions.swift */,
				B72CB50922E7024500958AE0 /* UIViewExtension.swift */,
			);
			path = Extentions;
			sourceTree = "<group>";
		};
		E874250E2608333F008D7375 /* Offer Editor */ = {
			isa = PBXGroup;
			children = (
				E874250F260833FC008D7375 /* offerEditor.storyboard */,
				B7712CC926087A3700162E70 /* NewOfferListVC.swift */,
				B7712CCB260897E000162E70 /* OfferNewCreateVC.swift */,
				B7712CCD2608B6C300162E70 /* BasicsListVC.swift */,
				B77D4C382609CFF30002E04E /* PostDetailVC.swift */,
				B72CD04826130A8B00AE5CA4 /* OfferFilterVC.swift */,
				B72CD04A2613275900AE5CA4 /* LocationFilterVC.swift */,
				B72CD04C261331E300AE5CA4 /* FilterRadiousVC.swift */,
				B76575F526143AEC0076F594 /* FilterByCityVC.swift */,
				E8C708C823764C51001699D0 /* SelectStatesVC.swift */,
				E8FC17632377A70100245932 /* SelectRadiiVC.swift */,
				B72A5C5E261ECD0C004B63F3 /* InterestPicker.storyboard */,
				B72A5C5F261ECD0F004B63F3 /* InterestPickerPopupVC.swift */,
				B72A5C60261ECD12004B63F3 /* InterestPickerVC.swift */,
				B7F48BE7269C232B00F404F4 /* PickInterests.swift */,
				B737F9EF262817D9008D0E6F /* FilterStatsVC.swift */,
				B737F9F126288046008D0E6F /* NewDistributeVC.swift */,
			);
			path = "Offer Editor";
			sourceTree = "<group>";
		};
		E8C3693522161B3000AE12D7 = {
			isa = PBXGroup;
			children = (
				E8C3694022161B3000AE12D7 /* Ambassadoor Business */,
				E8C3695022161B3200AE12D7 /* Info.plist */,
				E8C3693F22161B3000AE12D7 /* Products */,
				89E5CAE2B32FDBDFE060CC9E /* Frameworks */,
				CC48B249CB6DE037BF7A37D1 /* Pods */,
			);
			sourceTree = "<group>";
		};
		E8C3693F22161B3000AE12D7 /* Products */ = {
			isa = PBXGroup;
			children = (
				E8C3693E22161B3000AE12D7 /* Ambassadoor Business.app */,
			);
			name = Products;
			sourceTree = "<group>";
		};
		E8C3694022161B3000AE12D7 /* Ambassadoor Business */ = {
			isa = PBXGroup;
			children = (
				E83C3875262A750200B1241D /* New Statistics */,
				E874250E2608333F008D7375 /* Offer Editor */,
				E8F7C9AE25FED6F7007893FF /* Business Profile */,
				B7B72E07237C4953002AB168 /* Ambassadoor Business.entitlements */,
				B7D030AD23237CA4002B90FF /* Ambassadoor Business-Bridging-Header.h */,
				E8E54688227BA3E800775A07 /* YourCompany.swift */,
				B7A65CAA25ADA1E50071785F /* GoogleService-Info.plist */,
				B724789B2603541000CD20FA /* New WithDraw */,
				B7C293A325ECE3E8004A723B /* New Model */,
				B7C9FE8B231E485E005580E4 /* Plaid */,
				E816AC202282F34000B9D951 /* Money */,
				E83F378B227CDEBA00BA6688 /* Sign Up */,
				E8E5468A227BC9D800775A07 /* Statistics */,
				E84600882273AFA400CF60F2 /* Extentions */,
				E846007E2273A5F800CF60F2 /* Resources */,
				C089A3C32253D4C900ECF3B0 /* Model */,
				B7FD83E522F07DD900347E8E /* TableviewCell */,
				B799227422F16F1E007E84B0 /* CollectionCell */,
				E8C3694322161B3000AE12D7 /* ViewController.swift */,
				B79EA0A92581FD9800E3AFB1 /* CustomSplitVC.swift */,
				B774B6E7247284E7007C8699 /* SimplexStatistics */,
				E8C3694122161B3000AE12D7 /* AppDelegate.swift */,
				B750E78422E5B75F00024CB1 /* Onboarding.storyboard */,
				B7AEF2C0247BA81B000AB4A4 /* TempLaunch.storyboard */,
				E8C3694522161B3000AE12D7 /* Main.storyboard */,
				B770B8102514A5E700724465 /* RegisterCompany.storyboard */,
				B703D92325B72EAA003C7F37 /* Money.storyboard */,
				B703D92525B737D3003C7F37 /* Statistics.storyboard */,
				B72478992603533300CD20FA /* AccountDetails.storyboard */,
				B7D2FE11247542F00000BFFC /* tutorial.mp4 */,
				E8C3694B22161B3200AE12D7 /* Assets.xcassets */,
				E8C3694D22161B3200AE12D7 /* LaunchScreen.storyboard */,
				E8C3694822161B3000AE12D7 /* Ambassadoor_Business.xcdatamodeld */,
			);
			path = "Ambassadoor Business";
			sourceTree = "<group>";
		};
		E8E5468A227BC9D800775A07 /* Statistics */ = {
			isa = PBXGroup;
			children = (
				E8E5468B227BC9E900775A07 /* StatsVC.swift */,
				B712C48A2306DA7900728758 /* StaticsPie.swift */,
				B7CA8454234CB4A600A3223A /* StatisticsStruct.swift */,
				E83F1C5324748D9400EA216B /* ViewOfferStatisticVC.swift */,
				B7F4BA5C25668682000F7EA4 /* InfluencerListVC.swift */,
			);
			path = Statistics;
			sourceTree = "<group>";
		};
		E8F7C9AE25FED6F7007893FF /* Business Profile */ = {
			isa = PBXGroup;
			children = (
				E8F7C9AF25FED714007893FF /* businessProfile.storyboard */,
				B72CFDC925FF5AE100033CC5 /* ProfilePickerVC.swift */,
				B72CFDCB25FF9C4B00033CC5 /* AddBasicBusinessVC.swift */,
				B76DEDE32600B24A00886911 /* MultipleBusinessAccountVC.swift */,
				B76DEDE52600B61400886911 /* ContractBusinessVC.swift */,
				B76DEDE92600C1F200886911 /* NewBasicBusinessView.swift */,
				B7BA8489260B1AA400E4DB40 /* BusinessTypePicker.swift */,
				B7BA848B260B3E2F00E4DB40 /* LocationSelectorVC.swift */,
			);
			path = "Business Profile";
			sourceTree = "<group>";
		};
/* End PBXGroup section */

/* Begin PBXNativeTarget section */
		E8C3693D22161B3000AE12D7 /* Ambassadoor Business */ = {
			isa = PBXNativeTarget;
			buildConfigurationList = E8C3695322161B3200AE12D7 /* Build configuration list for PBXNativeTarget "Ambassadoor Business" */;
			buildPhases = (
				69600FEFD4E872596BAE6EC3 /* [CP] Check Pods Manifest.lock */,
				E8C3693A22161B3000AE12D7 /* Sources */,
				E8C3693B22161B3000AE12D7 /* Frameworks */,
				E8C3693C22161B3000AE12D7 /* Resources */,
				8D558317809B5FEA34C0AE84 /* [CP] Embed Pods Frameworks */,
				B7A65CA525AD743C0071785F /* ShellScript */,
			);
			buildRules = (
			);
			dependencies = (
			);
			name = "Ambassadoor Business";
			productName = "Ambassadoor Business";
			productReference = E8C3693E22161B3000AE12D7 /* Ambassadoor Business.app */;
			productType = "com.apple.product-type.application";
		};
/* End PBXNativeTarget section */

/* Begin PBXProject section */
		E8C3693622161B3000AE12D7 /* Project object */ = {
			isa = PBXProject;
			attributes = {
				LastSwiftUpdateCheck = 1020;
				LastUpgradeCheck = 1020;
				ORGANIZATIONNAME = "Tesseract Freelance, LLC";
				TargetAttributes = {
					E8C3693D22161B3000AE12D7 = {
						CreatedOnToolsVersion = 10.2;
						LastSwiftMigration = 1100;
					};
				};
			};
			buildConfigurationList = E8C3693922161B3000AE12D7 /* Build configuration list for PBXProject "Ambassadoor Business" */;
			compatibilityVersion = "Xcode 9.3";
			developmentRegion = en;
			hasScannedForEncodings = 0;
			knownRegions = (
				en,
				Base,
			);
			mainGroup = E8C3693522161B3000AE12D7;
			productRefGroup = E8C3693F22161B3000AE12D7 /* Products */;
			projectDirPath = "";
			projectRoot = "";
			targets = (
				E8C3693D22161B3000AE12D7 /* Ambassadoor Business */,
			);
		};
/* End PBXProject section */

/* Begin PBXResourcesBuildPhase section */
		E8C3693C22161B3000AE12D7 /* Resources */ = {
			isa = PBXResourcesBuildPhase;
			buildActionMask = 2147483647;
			files = (
				B7A65CAB25ADA1E50071785F /* GoogleService-Info.plist in Resources */,
				E8C3694F22161B3200AE12D7 /* LaunchScreen.storyboard in Resources */,
				B7D2FE12247542F00000BFFC /* tutorial.mp4 in Resources */,
				B703D92625B737D3003C7F37 /* Statistics.storyboard in Resources */,
				B703D92425B72EAA003C7F37 /* Money.storyboard in Resources */,
				B712C487230690B500728758 /* ProductListCell.xib in Resources */,
				B7FD83ED22F0870F00347E8E /* PostDetailTC.xib in Resources */,
				B7FD83E922F0844C00347E8E /* AddPostTC.xib in Resources */,
				E83C3877262A751400B1241D /* newStatistics.storyboard in Resources */,
				B750E78522E5B75F00024CB1 /* Onboarding.storyboard in Resources */,
				B724789A2603533300CD20FA /* AccountDetails.storyboard in Resources */,
				B7AEF2C1247BA81B000AB4A4 /* TempLaunch.storyboard in Resources */,
				E8742510260833FC008D7375 /* offerEditor.storyboard in Resources */,
				B770B8112514A5E700724465 /* RegisterCompany.storyboard in Resources */,
				E8C3694C22161B3200AE12D7 /* Assets.xcassets in Resources */,
				B72A5C61261ECD12004B63F3 /* InterestPicker.storyboard in Resources */,
				E8F7C9B025FED714007893FF /* businessProfile.storyboard in Resources */,
				E8C3694722161B3000AE12D7 /* Main.storyboard in Resources */,
			);
			runOnlyForDeploymentPostprocessing = 0;
		};
/* End PBXResourcesBuildPhase section */

/* Begin PBXShellScriptBuildPhase section */
		69600FEFD4E872596BAE6EC3 /* [CP] Check Pods Manifest.lock */ = {
			isa = PBXShellScriptBuildPhase;
			buildActionMask = 2147483647;
			files = (
			);
			inputFileListPaths = (
			);
			inputPaths = (
				"${PODS_PODFILE_DIR_PATH}/Podfile.lock",
				"${PODS_ROOT}/Manifest.lock",
			);
			name = "[CP] Check Pods Manifest.lock";
			outputFileListPaths = (
			);
			outputPaths = (
				"$(DERIVED_FILE_DIR)/Pods-Ambassadoor Business-checkManifestLockResult.txt",
			);
			runOnlyForDeploymentPostprocessing = 0;
			shellPath = /bin/sh;
			shellScript = "diff \"${PODS_PODFILE_DIR_PATH}/Podfile.lock\" \"${PODS_ROOT}/Manifest.lock\" > /dev/null\nif [ $? != 0 ] ; then\n    # print error to STDERR\n    echo \"error: The sandbox is not in sync with the Podfile.lock. Run 'pod install' or update your CocoaPods installation.\" >&2\n    exit 1\nfi\n# This output is used by Xcode 'outputs' to avoid re-running this script phase.\necho \"SUCCESS\" > \"${SCRIPT_OUTPUT_FILE_0}\"\n";
			showEnvVarsInLog = 0;
		};
		8D558317809B5FEA34C0AE84 /* [CP] Embed Pods Frameworks */ = {
			isa = PBXShellScriptBuildPhase;
			buildActionMask = 2147483647;
			files = (
			);
			inputFileListPaths = (
				"${PODS_ROOT}/Target Support Files/Pods-Ambassadoor Business/Pods-Ambassadoor Business-frameworks-${CONFIGURATION}-input-files.xcfilelist",
			);
			name = "[CP] Embed Pods Frameworks";
			outputFileListPaths = (
				"${PODS_ROOT}/Target Support Files/Pods-Ambassadoor Business/Pods-Ambassadoor Business-frameworks-${CONFIGURATION}-output-files.xcfilelist",
			);
			runOnlyForDeploymentPostprocessing = 0;
			shellPath = /bin/sh;
			shellScript = "\"${PODS_ROOT}/Target Support Files/Pods-Ambassadoor Business/Pods-Ambassadoor Business-frameworks.sh\"\n";
			showEnvVarsInLog = 0;
		};
		B7A65CA525AD743C0071785F /* ShellScript */ = {
			isa = PBXShellScriptBuildPhase;
			buildActionMask = 2147483647;
			files = (
			);
			inputFileListPaths = (
			);
			inputPaths = (
			);
			outputFileListPaths = (
			);
			outputPaths = (
			);
			runOnlyForDeploymentPostprocessing = 0;
			shellPath = /bin/sh;
			shellScript = "\"${PODS_ROOT}/FirebaseCrashlytics/run\"\n";
		};
/* End PBXShellScriptBuildPhase section */

/* Begin PBXSourcesBuildPhase section */
		E8C3693A22161B3000AE12D7 /* Sources */ = {
			isa = PBXSourcesBuildPhase;
			buildActionMask = 2147483647;
			files = (
				B75EC9A6230ACE4800BA7A7B /* NetworkManager.swift in Sources */,
				E80B060622A07EA1002B9699 /* DepositVC.swift in Sources */,
				B706CB4D22E5F3310092FB77 /* SignInVC.swift in Sources */,
				B7B11FF723242638006711BB /* ConnectedPlaidTVCell.swift in Sources */,
				B72CD04D261331E300AE5CA4 /* FilterRadiousVC.swift in Sources */,
				B7C293BE25ECE423004A723B /* Public Data Algo.swift in Sources */,
				B7C293BA25ECE423004A723B /* UpdateToFirebase Ext.swift in Sources */,
				B78B39EA25109BA500829F31 /* RegisterCompanyPVC.swift in Sources */,
				B706CB5122E60DC20092FB77 /* ForgetPasswordVC.swift in Sources */,
				B7FD83E722F07E1800347E8E /* AddPostTC.swift in Sources */,
				B712C48B2306DA7900728758 /* StaticsPie.swift in Sources */,
				E8E54689227BA3E800775A07 /* YourCompany.swift in Sources */,
				B7C293C025ECE423004A723B /* Offer Structs.swift in Sources */,
				B7CA8455234CB4A600A3223A /* StatisticsStruct.swift in Sources */,
				E82F890D22DD30B40036A079 /* CreateCompanyVC.swift in Sources */,
				B788D6F422E8931100FA59BA /* RegisterCompanyVC.swift in Sources */,
				B7C293C125ECE423004A723B /* New Globals.swift in Sources */,
				B7F4BA5D25668682000F7EA4 /* InfluencerListVC.swift in Sources */,
				B72A5C62261ECD12004B63F3 /* InterestPickerPopupVC.swift in Sources */,
				C05FE2DB225F687C002D3CAA /* global.swift in Sources */,
				B78B39F12510D67C00829F31 /* CompanyWebsiteVC.swift in Sources */,
				B7C293C225ECE423004A723B /* Useful UI Functions.swift in Sources */,
				B7C293C325ECE423004A723B /* Social Interactions ext.swift in Sources */,
				E816AC222282F3E200B9D951 /* MoneyVC.swift in Sources */,
				E8C708C923764C51001699D0 /* SelectStatesVC.swift in Sources */,
				B7C293C525ECE423004A723B /* OfferPool algo.swift in Sources */,
				B72CD04926130A8B00AE5CA4 /* OfferFilterVC.swift in Sources */,
				B712C485230690A700728758 /* ProductListCell.swift in Sources */,
				B72478A12603543100CD20FA /* WithDrawNoteVC.swift in Sources */,
				B7C293BF25ECE423004A723B /* CalculatedValues.swift in Sources */,
				E84600872273AF9100CF60F2 /* ImageViewExtensions.swift in Sources */,
				B79EA0AA2581FD9800E3AFB1 /* CustomSplitVC.swift in Sources */,
				E80B060A22A08D49002B9699 /* MoneyField.swift in Sources */,
				B7C293B725ECE423004A723B /* Interests.swift in Sources */,
				E8DB570326AF1AC900AFB807 /* StatInfoVC.swift in Sources */,
				B737F9F226288046008D0E6F /* NewDistributeVC.swift in Sources */,
				E899878323D3B8F20093FC0E /* CurseWords.swift in Sources */,
				B7C293C425ECE423004A723B /* UniversalDate.swift in Sources */,
				B76DEDE42600B24A00886911 /* MultipleBusinessAccountVC.swift in Sources */,
				B7C293BC25ECE423004A723B /* Influencer Structs.swift in Sources */,
				B72A5C63261ECD12004B63F3 /* InterestPickerVC.swift in Sources */,
				B72CB50A22E7024500958AE0 /* UIViewExtension.swift in Sources */,
				B72478A3260367C700CD20FA /* TransactionHistoryVC.swift in Sources */,
				B77D4C392609CFF30002E04E /* PostDetailVC.swift in Sources */,
				B7C9FE8F231E4870005580E4 /* PlaidHelper.swift in Sources */,
				E83F1C5424748D9400EA216B /* ViewOfferStatisticVC.swift in Sources */,
				B7BA848A260B1AA400E4DB40 /* BusinessTypePicker.swift in Sources */,
				E84600802273A65600CF60F2 /* StandardNC.swift in Sources */,
				B72CFDCA25FF5AE100033CC5 /* ProfilePickerVC.swift in Sources */,
				E844EAC22471DE48000CE74F /* mainTabBarController.swift in Sources */,
				B72CD04B2613275900AE5CA4 /* LocationFilterVC.swift in Sources */,
				B7712CCE2608B6C300162E70 /* BasicsListVC.swift in Sources */,
				B7712CCC260897E000162E70 /* OfferNewCreateVC.swift in Sources */,
				B72478A02603543100CD20FA /* NewWithdrawVC.swift in Sources */,
				B76DEDEA2600C1F200886911 /* NewBasicBusinessView.swift in Sources */,
				B737F9F0262817D9008D0E6F /* FilterStatsVC.swift in Sources */,
				C0FBFD01226154FC00BADDCD /* categories.swift in Sources */,
				B7C293B525ECE423004A723B /* InProgress functions.swift in Sources */,
				E83F378D227CDEE100BA6688 /* SignUpVC.swift in Sources */,
				C089A3C52253D4E500ECF3B0 /* structs.swift in Sources */,
				B7FAB9562350888D00CED248 /* StripeConnectionMKWebview.swift in Sources */,
				B774B6E924728ADA007C8699 /* SimplexStatistics.swift in Sources */,
				E8E5468C227BC9E900775A07 /* StatsVC.swift in Sources */,
				B7D42099232A9F40009F0FCE /* TransactionInfoTVCell.swift in Sources */,
				B7787EF425132BBC00098A92 /* RegisterNewVC.swift in Sources */,
				E84600852273A92A00CF60F2 /* BusinessLabel.swift in Sources */,
				B7C293BD25ECE423004A723B /* Inititialization.swift in Sources */,
				B7C58569234DED3600EB90BB /* InstagramUserTVC.swift in Sources */,
				E855182F26ADE4840090D435 /* PostViewerVC.swift in Sources */,
				E8FC17642377A70100245932 /* SelectRadiiVC.swift in Sources */,
				B78B39F32510D69800829F31 /* CompanyMissionVC.swift in Sources */,
				B72F433026E1F38800D2953D /* ReferralViewController.swift in Sources */,
				B724789F2603543100CD20FA /* AccountInfoVC.swift in Sources */,
				B72CB50822E6E8C100958AE0 /* BaseVC.swift in Sources */,
				E8DB56FF26AE4FAC00AFB807 /* StatisticsHomeVC.swift in Sources */,
				B7C293B925ECE423004A723B /* Business Structs.swift in Sources */,
				B706CB4F22E5F7860092FB77 /* ValidationFile.swift in Sources */,
				B7C293B625ECE423004A723B /* AdminValues.swift in Sources */,
				B76575F82614484D0076F594 /* NewObjectClass.swift in Sources */,
				B76575F626143AEC0076F594 /* FilterByCityVC.swift in Sources */,
				E8DB570526AF300200AFB807 /* SentOfferStatsVC.swift in Sources */,
				B7C293B825ECE423004A723B /* Offer Distribution Functions.swift in Sources */,
				B7F48BE8269C232B00F404F4 /* PickInterests.swift in Sources */,
				B72CFDCC25FF9C4B00033CC5 /* AddBasicBusinessVC.swift in Sources */,
				B7FD83EB22F0866B00347E8E /* PostDetailTC.swift in Sources */,
				B78B39ED2510D49400829F31 /* ReferralVC.swift in Sources */,
				E8D06DF2255F09AF00F9D79C /* VerifyEmailVC.swift in Sources */,
				E846008A2273B0B300CF60F2 /* Savvy.swift in Sources */,
				B7C293BB25ECE423004A723B /* Port.swift in Sources */,
				E8C708C423763EAA001699D0 /* GeolocationTools.swift in Sources */,
				B79B1D2E22F2EE8D00F3C660 /* DateFormatManager.swift in Sources */,
				B7C9FE8E231E4870005580E4 /* PlaidLinkEnabledVC.swift in Sources */,
				B7712CCA26087A3700162E70 /* NewOfferListVC.swift in Sources */,
				C05FE2D9225F683E002D3CAA /* FirebaseReferences.swift in Sources */,
				E8C3694422161B3000AE12D7 /* ViewController.swift in Sources */,
				B7B11FF523242615006711BB /* PlaidTVCell.swift in Sources */,
				E8C3694222161B3000AE12D7 /* AppDelegate.swift in Sources */,
				E8DB570126AE512F00AFB807 /* Statistics Algo.swift in Sources */,
				C0C9390622614AE3003DC925 /* InstagramAPI.swift in Sources */,
				B78B39F52510D6B000829F31 /* RegisterVC.swift in Sources */,
				B78B39EF2510D65B00829F31 /* ComapanyBasicVC.swift in Sources */,
				E83F378F227CDF3A00BA6688 /* GetPictureVC.swift in Sources */,
				B799227622F16FA9007E84B0 /* PickUserCVC.swift in Sources */,
				E8C3694A22161B3000AE12D7 /* Ambassadoor_Business.xcdatamodeld in Sources */,
				B76DEDE62600B61400886911 /* ContractBusinessVC.swift in Sources */,
				E8F11A3326E9752400AD2B05 /* ViewPostsVC.swift in Sources */,
				B75F7A852506476300D14675 /* TimerListener.swift in Sources */,
				B7BA848C260B3E2F00E4DB40 /* LocationSelectorVC.swift in Sources */,
			);
			runOnlyForDeploymentPostprocessing = 0;
		};
/* End PBXSourcesBuildPhase section */

/* Begin PBXVariantGroup section */
		E8C3694522161B3000AE12D7 /* Main.storyboard */ = {
			isa = PBXVariantGroup;
			children = (
				E8C3694622161B3000AE12D7 /* Base */,
			);
			name = Main.storyboard;
			sourceTree = "<group>";
		};
		E8C3694D22161B3200AE12D7 /* LaunchScreen.storyboard */ = {
			isa = PBXVariantGroup;
			children = (
				E8C3694E22161B3200AE12D7 /* Base */,
			);
			name = LaunchScreen.storyboard;
			sourceTree = "<group>";
		};
/* End PBXVariantGroup section */

/* Begin XCBuildConfiguration section */
		E8C3695122161B3200AE12D7 /* Debug */ = {
			isa = XCBuildConfiguration;
			buildSettings = {
				ALWAYS_SEARCH_USER_PATHS = NO;
				CLANG_ANALYZER_NONNULL = YES;
				CLANG_ANALYZER_NUMBER_OBJECT_CONVERSION = YES_AGGRESSIVE;
				CLANG_CXX_LANGUAGE_STANDARD = "gnu++14";
				CLANG_CXX_LIBRARY = "libc++";
				CLANG_ENABLE_MODULES = YES;
				CLANG_ENABLE_OBJC_ARC = YES;
				CLANG_ENABLE_OBJC_WEAK = YES;
				CLANG_WARN_BLOCK_CAPTURE_AUTORELEASING = YES;
				CLANG_WARN_BOOL_CONVERSION = YES;
				CLANG_WARN_COMMA = YES;
				CLANG_WARN_CONSTANT_CONVERSION = YES;
				CLANG_WARN_DEPRECATED_OBJC_IMPLEMENTATIONS = YES;
				CLANG_WARN_DIRECT_OBJC_ISA_USAGE = YES_ERROR;
				CLANG_WARN_DOCUMENTATION_COMMENTS = YES;
				CLANG_WARN_EMPTY_BODY = YES;
				CLANG_WARN_ENUM_CONVERSION = YES;
				CLANG_WARN_INFINITE_RECURSION = YES;
				CLANG_WARN_INT_CONVERSION = YES;
				CLANG_WARN_NON_LITERAL_NULL_CONVERSION = YES;
				CLANG_WARN_OBJC_IMPLICIT_RETAIN_SELF = YES;
				CLANG_WARN_OBJC_LITERAL_CONVERSION = YES;
				CLANG_WARN_OBJC_ROOT_CLASS = YES_ERROR;
				CLANG_WARN_RANGE_LOOP_ANALYSIS = YES;
				CLANG_WARN_STRICT_PROTOTYPES = YES;
				CLANG_WARN_SUSPICIOUS_MOVE = YES;
				CLANG_WARN_UNGUARDED_AVAILABILITY = YES_AGGRESSIVE;
				CLANG_WARN_UNREACHABLE_CODE = YES;
				CLANG_WARN__DUPLICATE_METHOD_MATCH = YES;
				CODE_SIGN_IDENTITY = "iPhone Developer: Marco Gonzalez (7D4GHWA4CW)";
				CODE_SIGN_STYLE = Manual;
				COPY_PHASE_STRIP = NO;
				DEBUG_INFORMATION_FORMAT = dwarf;
				ENABLE_STRICT_OBJC_MSGSEND = YES;
				ENABLE_TESTABILITY = YES;
				GCC_C_LANGUAGE_STANDARD = gnu11;
				GCC_DYNAMIC_NO_PIC = NO;
				GCC_NO_COMMON_BLOCKS = YES;
				GCC_OPTIMIZATION_LEVEL = 0;
				GCC_PREPROCESSOR_DEFINITIONS = (
					"DEBUG=1",
					"$(inherited)",
				);
				GCC_WARN_64_TO_32_BIT_CONVERSION = YES;
				GCC_WARN_ABOUT_RETURN_TYPE = YES_ERROR;
				GCC_WARN_UNDECLARED_SELECTOR = YES;
				GCC_WARN_UNINITIALIZED_AUTOS = YES_AGGRESSIVE;
				GCC_WARN_UNUSED_FUNCTION = YES;
				GCC_WARN_UNUSED_VARIABLE = YES;
				IPHONEOS_DEPLOYMENT_TARGET = 11.0;
				MTL_ENABLE_DEBUG_INFO = INCLUDE_SOURCE;
				MTL_FAST_MATH = YES;
				ONLY_ACTIVE_ARCH = YES;
				SDKROOT = iphoneos;
				SWIFT_ACTIVE_COMPILATION_CONDITIONS = DEBUG;
				SWIFT_OPTIMIZATION_LEVEL = "-Onone";
			};
			name = Debug;
		};
		E8C3695222161B3200AE12D7 /* Release */ = {
			isa = XCBuildConfiguration;
			buildSettings = {
				ALWAYS_SEARCH_USER_PATHS = NO;
				CLANG_ANALYZER_NONNULL = YES;
				CLANG_ANALYZER_NUMBER_OBJECT_CONVERSION = YES_AGGRESSIVE;
				CLANG_CXX_LANGUAGE_STANDARD = "gnu++14";
				CLANG_CXX_LIBRARY = "libc++";
				CLANG_ENABLE_MODULES = YES;
				CLANG_ENABLE_OBJC_ARC = YES;
				CLANG_ENABLE_OBJC_WEAK = YES;
				CLANG_WARN_BLOCK_CAPTURE_AUTORELEASING = YES;
				CLANG_WARN_BOOL_CONVERSION = YES;
				CLANG_WARN_COMMA = YES;
				CLANG_WARN_CONSTANT_CONVERSION = YES;
				CLANG_WARN_DEPRECATED_OBJC_IMPLEMENTATIONS = YES;
				CLANG_WARN_DIRECT_OBJC_ISA_USAGE = YES_ERROR;
				CLANG_WARN_DOCUMENTATION_COMMENTS = YES;
				CLANG_WARN_EMPTY_BODY = YES;
				CLANG_WARN_ENUM_CONVERSION = YES;
				CLANG_WARN_INFINITE_RECURSION = YES;
				CLANG_WARN_INT_CONVERSION = YES;
				CLANG_WARN_NON_LITERAL_NULL_CONVERSION = YES;
				CLANG_WARN_OBJC_IMPLICIT_RETAIN_SELF = YES;
				CLANG_WARN_OBJC_LITERAL_CONVERSION = YES;
				CLANG_WARN_OBJC_ROOT_CLASS = YES_ERROR;
				CLANG_WARN_RANGE_LOOP_ANALYSIS = YES;
				CLANG_WARN_STRICT_PROTOTYPES = YES;
				CLANG_WARN_SUSPICIOUS_MOVE = YES;
				CLANG_WARN_UNGUARDED_AVAILABILITY = YES_AGGRESSIVE;
				CLANG_WARN_UNREACHABLE_CODE = YES;
				CLANG_WARN__DUPLICATE_METHOD_MATCH = YES;
				CODE_SIGN_IDENTITY = "iPhone Developer: Marco Gonzalez (7D4GHWA4CW)";
				CODE_SIGN_STYLE = Manual;
				COPY_PHASE_STRIP = NO;
				DEBUG_INFORMATION_FORMAT = "dwarf-with-dsym";
				ENABLE_NS_ASSERTIONS = NO;
				ENABLE_STRICT_OBJC_MSGSEND = YES;
				GCC_C_LANGUAGE_STANDARD = gnu11;
				GCC_NO_COMMON_BLOCKS = YES;
				GCC_WARN_64_TO_32_BIT_CONVERSION = YES;
				GCC_WARN_ABOUT_RETURN_TYPE = YES_ERROR;
				GCC_WARN_UNDECLARED_SELECTOR = YES;
				GCC_WARN_UNINITIALIZED_AUTOS = YES_AGGRESSIVE;
				GCC_WARN_UNUSED_FUNCTION = YES;
				GCC_WARN_UNUSED_VARIABLE = YES;
				IPHONEOS_DEPLOYMENT_TARGET = 11.0;
				MTL_ENABLE_DEBUG_INFO = NO;
				MTL_FAST_MATH = YES;
				SDKROOT = iphoneos;
				SWIFT_COMPILATION_MODE = wholemodule;
				SWIFT_OPTIMIZATION_LEVEL = "-O";
				VALIDATE_PRODUCT = YES;
			};
			name = Release;
		};
		E8C3695422161B3200AE12D7 /* Debug */ = {
			isa = XCBuildConfiguration;
			baseConfigurationReference = B6FB1485BA06735A80E39C68 /* Pods-Ambassadoor Business.debug.xcconfig */;
			buildSettings = {
				ASSETCATALOG_COMPILER_APPICON_NAME = DarkIcon;
				CLANG_ENABLE_MODULES = YES;
				CODE_SIGN_ENTITLEMENTS = "Ambassadoor Business/Ambassadoor Business.entitlements";
				CODE_SIGN_IDENTITY = "Apple Development";
				CODE_SIGN_STYLE = Automatic;
				CURRENT_PROJECT_VERSION = 22;
				DEVELOPMENT_ASSET_PATHS = "";
				DEVELOPMENT_TEAM = JMBR2RF2B8;
				INFOPLIST_FILE = "$(SRCROOT)/Info.plist";
				IPHONEOS_DEPLOYMENT_TARGET = 11.0;
				LD_RUNPATH_SEARCH_PATHS = (
					"$(inherited)",
					"@executable_path/Frameworks",
				);
				MARKETING_VERSION = 2.1.5;
				OTHER_LDFLAGS = "$(inherited)";
				PRODUCT_BUNDLE_IDENTIFIER = com.ambassadoor.companyTest;
				PRODUCT_NAME = "Ambassadoor Business";
				PROVISIONING_PROFILE_SPECIFIER = "";
				SWIFT_OBJC_BRIDGING_HEADER = "Ambassadoor Business/Ambassadoor Business-Bridging-Header.h";
				SWIFT_OPTIMIZATION_LEVEL = "-Onone";
				SWIFT_VERSION = 4.2;
				TARGETED_DEVICE_FAMILY = 1;
			};
			name = Debug;
		};
		E8C3695522161B3200AE12D7 /* Release */ = {
			isa = XCBuildConfiguration;
			baseConfigurationReference = 228FAE77575D48623186C102 /* Pods-Ambassadoor Business.release.xcconfig */;
			buildSettings = {
				ASSETCATALOG_COMPILER_APPICON_NAME = DarkIcon;
				CLANG_ENABLE_MODULES = YES;
				CODE_SIGN_ENTITLEMENTS = "Ambassadoor Business/Ambassadoor Business.entitlements";
				CODE_SIGN_IDENTITY = "Apple Development";
				CODE_SIGN_STYLE = Automatic;
				CURRENT_PROJECT_VERSION = 22;
				DEVELOPMENT_ASSET_PATHS = "";
				DEVELOPMENT_TEAM = JMBR2RF2B8;
				INFOPLIST_FILE = "$(SRCROOT)/Info.plist";
				IPHONEOS_DEPLOYMENT_TARGET = 11.0;
				LD_RUNPATH_SEARCH_PATHS = (
					"$(inherited)",
					"@executable_path/Frameworks",
				);
				MARKETING_VERSION = 2.1.5;
				OTHER_LDFLAGS = "$(inherited)";
				PRODUCT_BUNDLE_IDENTIFIER = com.ambassadoor.companyTest;
				PRODUCT_NAME = "Ambassadoor Business";
				PROVISIONING_PROFILE_SPECIFIER = "";
				SWIFT_OBJC_BRIDGING_HEADER = "Ambassadoor Business/Ambassadoor Business-Bridging-Header.h";
				SWIFT_VERSION = 4.2;
				TARGETED_DEVICE_FAMILY = 1;
			};
			name = Release;
		};
/* End XCBuildConfiguration section */

/* Begin XCConfigurationList section */
		E8C3693922161B3000AE12D7 /* Build configuration list for PBXProject "Ambassadoor Business" */ = {
			isa = XCConfigurationList;
			buildConfigurations = (
				E8C3695122161B3200AE12D7 /* Debug */,
				E8C3695222161B3200AE12D7 /* Release */,
			);
			defaultConfigurationIsVisible = 0;
			defaultConfigurationName = Release;
		};
		E8C3695322161B3200AE12D7 /* Build configuration list for PBXNativeTarget "Ambassadoor Business" */ = {
			isa = XCConfigurationList;
			buildConfigurations = (
				E8C3695422161B3200AE12D7 /* Debug */,
				E8C3695522161B3200AE12D7 /* Release */,
			);
			defaultConfigurationIsVisible = 0;
			defaultConfigurationName = Release;
		};
/* End XCConfigurationList section */

/* Begin XCVersionGroup section */
		E8C3694822161B3000AE12D7 /* Ambassadoor_Business.xcdatamodeld */ = {
			isa = XCVersionGroup;
			children = (
				E8C3694922161B3000AE12D7 /* Ambassadoor_Business.xcdatamodel */,
			);
			currentVersion = E8C3694922161B3000AE12D7 /* Ambassadoor_Business.xcdatamodel */;
			path = Ambassadoor_Business.xcdatamodeld;
			sourceTree = "<group>";
			versionGroupType = wrapper.xcdatamodel;
		};
/* End XCVersionGroup section */
	};
	rootObject = E8C3693622161B3000AE12D7 /* Project object */;
}
